// !$*UTF8*$!
{
	archiveVersion = 1;
	classes = {
	};
	objectVersion = 50;
	objects = {

/* Begin PBXBuildFile section */
		A42BCCC92405B5AB00CDD414 /* MockURLProtocol.swift in Sources */ = {isa = PBXBuildFile; fileRef = A42BCCC82405B5AB00CDD414 /* MockURLProtocol.swift */; };
		A42BCCCC2405B5DE00CDD414 /* URLSessionConfiguration+Mock.swift in Sources */ = {isa = PBXBuildFile; fileRef = A42BCCCB2405B5DE00CDD414 /* URLSessionConfiguration+Mock.swift */; };
		A49308282404580500BB7FC5 /* DoKostolaAPIServiceProtocol.swift in Sources */ = {isa = PBXBuildFile; fileRef = A49308272404580500BB7FC5 /* DoKostolaAPIServiceProtocol.swift */; };
		A493082A2404664E00BB7FC5 /* APIService.swift in Sources */ = {isa = PBXBuildFile; fileRef = A49308292404664E00BB7FC5 /* APIService.swift */; };
		A493082D24046E8600BB7FC5 /* CityDTO.swift in Sources */ = {isa = PBXBuildFile; fileRef = A493082C24046E8600BB7FC5 /* CityDTO.swift */; };
		A493082F24046EA100BB7FC5 /* Resource.swift in Sources */ = {isa = PBXBuildFile; fileRef = A493082E24046EA100BB7FC5 /* Resource.swift */; };
		A493083124046EBA00BB7FC5 /* URLRequest+Resource.swift in Sources */ = {isa = PBXBuildFile; fileRef = A493083024046EBA00BB7FC5 /* URLRequest+Resource.swift */; };
		A493083324046EC700BB7FC5 /* URLMethod.swift in Sources */ = {isa = PBXBuildFile; fileRef = A493083224046EC700BB7FC5 /* URLMethod.swift */; };
		A49308432404704000BB7FC5 /* DoKostolaAPIServiceTests.swift in Sources */ = {isa = PBXBuildFile; fileRef = A49308422404704000BB7FC5 /* DoKostolaAPIServiceTests.swift */; };
		A49308452404802D00BB7FC5 /* CitiesResponse.swift in Sources */ = {isa = PBXBuildFile; fileRef = A49308442404802D00BB7FC5 /* CitiesResponse.swift */; };
		A4AD16672405C0EB00C480F3 /* HomeView.swift in Sources */ = {isa = PBXBuildFile; fileRef = A4AD16662405C0EB00C480F3 /* HomeView.swift */; };
		A4AD16692405C16A00C480F3 /* HomeViewModel.swift in Sources */ = {isa = PBXBuildFile; fileRef = A4AD16682405C16A00C480F3 /* HomeViewModel.swift */; };
		A4AD166D2405CEC100C480F3 /* LocationManager.swift in Sources */ = {isa = PBXBuildFile; fileRef = A4AD166C2405CEC100C480F3 /* LocationManager.swift */; };
		A4AD166F2405D3ED00C480F3 /* MockCLLocationManager.swift in Sources */ = {isa = PBXBuildFile; fileRef = A4AD166E2405D3ED00C480F3 /* MockCLLocationManager.swift */; };
		A4AD16712405D66A00C480F3 /* LocationTests.swift in Sources */ = {isa = PBXBuildFile; fileRef = A4AD16702405D66A00C480F3 /* LocationTests.swift */; };
		A4D7F1BC2404551E00F2C1DC /* AppDelegate.swift in Sources */ = {isa = PBXBuildFile; fileRef = A4D7F1BB2404551E00F2C1DC /* AppDelegate.swift */; };
		A4D7F1BE2404551E00F2C1DC /* SceneDelegate.swift in Sources */ = {isa = PBXBuildFile; fileRef = A4D7F1BD2404551E00F2C1DC /* SceneDelegate.swift */; };
		A4D7F1C02404551E00F2C1DC /* ContentView.swift in Sources */ = {isa = PBXBuildFile; fileRef = A4D7F1BF2404551E00F2C1DC /* ContentView.swift */; };
		A4D7F1C22404552400F2C1DC /* Assets.xcassets in Resources */ = {isa = PBXBuildFile; fileRef = A4D7F1C12404552400F2C1DC /* Assets.xcassets */; };
		A4D7F1C52404552400F2C1DC /* Preview Assets.xcassets in Resources */ = {isa = PBXBuildFile; fileRef = A4D7F1C42404552400F2C1DC /* Preview Assets.xcassets */; };
		A4D7F1C82404552400F2C1DC /* LaunchScreen.storyboard in Resources */ = {isa = PBXBuildFile; fileRef = A4D7F1C62404552400F2C1DC /* LaunchScreen.storyboard */; };
/* End PBXBuildFile section */

/* Begin PBXContainerItemProxy section */
		A493083D24046F8500BB7FC5 /* PBXContainerItemProxy */ = {
			isa = PBXContainerItemProxy;
			containerPortal = A4D7F1B02404551E00F2C1DC /* Project object */;
			proxyType = 1;
			remoteGlobalIDString = A4D7F1B72404551E00F2C1DC;
			remoteInfo = "DoKostola-iOS";
		};
/* End PBXContainerItemProxy section */

/* Begin PBXFileReference section */
		A42BCCC82405B5AB00CDD414 /* MockURLProtocol.swift */ = {isa = PBXFileReference; lastKnownFileType = sourcecode.swift; path = MockURLProtocol.swift; sourceTree = "<group>"; };
		A42BCCCB2405B5DE00CDD414 /* URLSessionConfiguration+Mock.swift */ = {isa = PBXFileReference; lastKnownFileType = sourcecode.swift; path = "URLSessionConfiguration+Mock.swift"; sourceTree = "<group>"; };
		A49308272404580500BB7FC5 /* DoKostolaAPIServiceProtocol.swift */ = {isa = PBXFileReference; lastKnownFileType = sourcecode.swift; path = DoKostolaAPIServiceProtocol.swift; sourceTree = "<group>"; };
		A49308292404664E00BB7FC5 /* APIService.swift */ = {isa = PBXFileReference; lastKnownFileType = sourcecode.swift; path = APIService.swift; sourceTree = "<group>"; };
		A493082C24046E8600BB7FC5 /* CityDTO.swift */ = {isa = PBXFileReference; lastKnownFileType = sourcecode.swift; path = CityDTO.swift; sourceTree = "<group>"; };
		A493082E24046EA100BB7FC5 /* Resource.swift */ = {isa = PBXFileReference; lastKnownFileType = sourcecode.swift; path = Resource.swift; sourceTree = "<group>"; };
		A493083024046EBA00BB7FC5 /* URLRequest+Resource.swift */ = {isa = PBXFileReference; lastKnownFileType = sourcecode.swift; path = "URLRequest+Resource.swift"; sourceTree = "<group>"; };
		A493083224046EC700BB7FC5 /* URLMethod.swift */ = {isa = PBXFileReference; lastKnownFileType = sourcecode.swift; path = URLMethod.swift; sourceTree = "<group>"; };
		A493083824046F8500BB7FC5 /* DoKostolaTests.xctest */ = {isa = PBXFileReference; explicitFileType = wrapper.cfbundle; includeInIndex = 0; path = DoKostolaTests.xctest; sourceTree = BUILT_PRODUCTS_DIR; };
		A493083C24046F8500BB7FC5 /* Info.plist */ = {isa = PBXFileReference; lastKnownFileType = text.plist.xml; path = Info.plist; sourceTree = "<group>"; };
		A49308422404704000BB7FC5 /* DoKostolaAPIServiceTests.swift */ = {isa = PBXFileReference; lastKnownFileType = sourcecode.swift; path = DoKostolaAPIServiceTests.swift; sourceTree = "<group>"; };
		A49308442404802D00BB7FC5 /* CitiesResponse.swift */ = {isa = PBXFileReference; lastKnownFileType = sourcecode.swift; path = CitiesResponse.swift; sourceTree = "<group>"; };
		A4AD16662405C0EB00C480F3 /* HomeView.swift */ = {isa = PBXFileReference; lastKnownFileType = sourcecode.swift; path = HomeView.swift; sourceTree = "<group>"; };
		A4AD16682405C16A00C480F3 /* HomeViewModel.swift */ = {isa = PBXFileReference; lastKnownFileType = sourcecode.swift; path = HomeViewModel.swift; sourceTree = "<group>"; };
		A4AD166C2405CEC100C480F3 /* LocationManager.swift */ = {isa = PBXFileReference; lastKnownFileType = sourcecode.swift; path = LocationManager.swift; sourceTree = "<group>"; };
		A4AD166E2405D3ED00C480F3 /* MockCLLocationManager.swift */ = {isa = PBXFileReference; lastKnownFileType = sourcecode.swift; path = MockCLLocationManager.swift; sourceTree = "<group>"; };
		A4AD16702405D66A00C480F3 /* LocationTests.swift */ = {isa = PBXFileReference; lastKnownFileType = sourcecode.swift; path = LocationTests.swift; sourceTree = "<group>"; };
		A4D7F1B82404551E00F2C1DC /* DoKostola.app */ = {isa = PBXFileReference; explicitFileType = wrapper.application; includeInIndex = 0; path = DoKostola.app; sourceTree = BUILT_PRODUCTS_DIR; };
		A4D7F1BB2404551E00F2C1DC /* AppDelegate.swift */ = {isa = PBXFileReference; lastKnownFileType = sourcecode.swift; path = AppDelegate.swift; sourceTree = "<group>"; };
		A4D7F1BD2404551E00F2C1DC /* SceneDelegate.swift */ = {isa = PBXFileReference; lastKnownFileType = sourcecode.swift; path = SceneDelegate.swift; sourceTree = "<group>"; };
		A4D7F1BF2404551E00F2C1DC /* ContentView.swift */ = {isa = PBXFileReference; lastKnownFileType = sourcecode.swift; path = ContentView.swift; sourceTree = "<group>"; };
		A4D7F1C12404552400F2C1DC /* Assets.xcassets */ = {isa = PBXFileReference; lastKnownFileType = folder.assetcatalog; path = Assets.xcassets; sourceTree = "<group>"; };
		A4D7F1C42404552400F2C1DC /* Preview Assets.xcassets */ = {isa = PBXFileReference; lastKnownFileType = folder.assetcatalog; path = "Preview Assets.xcassets"; sourceTree = "<group>"; };
		A4D7F1C72404552400F2C1DC /* Base */ = {isa = PBXFileReference; lastKnownFileType = file.storyboard; name = Base; path = Base.lproj/LaunchScreen.storyboard; sourceTree = "<group>"; };
		A4D7F1C92404552400F2C1DC /* Info.plist */ = {isa = PBXFileReference; lastKnownFileType = text.plist.xml; path = Info.plist; sourceTree = "<group>"; };
/* End PBXFileReference section */

/* Begin PBXFrameworksBuildPhase section */
		A493083524046F8500BB7FC5 /* Frameworks */ = {
			isa = PBXFrameworksBuildPhase;
			buildActionMask = 2147483647;
			files = (
			);
			runOnlyForDeploymentPostprocessing = 0;
		};
		A4D7F1B52404551E00F2C1DC /* Frameworks */ = {
			isa = PBXFrameworksBuildPhase;
			buildActionMask = 2147483647;
			files = (
			);
			runOnlyForDeploymentPostprocessing = 0;
		};
/* End PBXFrameworksBuildPhase section */

/* Begin PBXGroup section */
		A42BCCCA2405B5CA00CDD414 /* Utilities */ = {
			isa = PBXGroup;
			children = (
				A42BCCC82405B5AB00CDD414 /* MockURLProtocol.swift */,
				A42BCCCB2405B5DE00CDD414 /* URLSessionConfiguration+Mock.swift */,
				A4AD166E2405D3ED00C480F3 /* MockCLLocationManager.swift */,
			);
			path = Utilities;
			sourceTree = "<group>";
		};
		A493082B24046E7D00BB7FC5 /* DTO */ = {
			isa = PBXGroup;
			children = (
				A493082C24046E8600BB7FC5 /* CityDTO.swift */,
				A49308442404802D00BB7FC5 /* CitiesResponse.swift */,
			);
			path = DTO;
			sourceTree = "<group>";
		};
		A493083924046F8500BB7FC5 /* DoKostola-iOSTests */ = {
			isa = PBXGroup;
			children = (
				A42BCCCA2405B5CA00CDD414 /* Utilities */,
				A493083C24046F8500BB7FC5 /* Info.plist */,
				A49308422404704000BB7FC5 /* DoKostolaAPIServiceTests.swift */,
				A4AD16702405D66A00C480F3 /* LocationTests.swift */,
			);
			path = "DoKostola-iOSTests";
			sourceTree = "<group>";
		};
		A4AD16642405C04100C480F3 /* Screens */ = {
			isa = PBXGroup;
			children = (
				A4AD16652405C04F00C480F3 /* Home */,
			);
			path = Screens;
			sourceTree = "<group>";
		};
		A4AD16652405C04F00C480F3 /* Home */ = {
			isa = PBXGroup;
			children = (
				A4AD16662405C0EB00C480F3 /* HomeView.swift */,
				A4AD16682405C16A00C480F3 /* HomeViewModel.swift */,
			);
			path = Home;
			sourceTree = "<group>";
		};
		A4AD166A2405CD0D00C480F3 /* API */ = {
			isa = PBXGroup;
			children = (
				A49308272404580500BB7FC5 /* DoKostolaAPIServiceProtocol.swift */,
				A49308292404664E00BB7FC5 /* APIService.swift */,
				A493082E24046EA100BB7FC5 /* Resource.swift */,
				A493083024046EBA00BB7FC5 /* URLRequest+Resource.swift */,
				A493083224046EC700BB7FC5 /* URLMethod.swift */,
			);
			path = API;
			sourceTree = "<group>";
		};
		A4AD166B2405CD2900C480F3 /* LocationManager */ = {
			isa = PBXGroup;
			children = (
				A4AD166C2405CEC100C480F3 /* LocationManager.swift */,
			);
			path = LocationManager;
			sourceTree = "<group>";
		};
		A4D7F1AF2404551E00F2C1DC = {
			isa = PBXGroup;
			children = (
				A4D7F1BA2404551E00F2C1DC /* DoKostola-iOS */,
				A493083924046F8500BB7FC5 /* DoKostola-iOSTests */,
				A4D7F1B92404551E00F2C1DC /* Products */,
			);
			sourceTree = "<group>";
		};
		A4D7F1B92404551E00F2C1DC /* Products */ = {
			isa = PBXGroup;
			children = (
				A4D7F1B82404551E00F2C1DC /* DoKostola.app */,
				A493083824046F8500BB7FC5 /* DoKostolaTests.xctest */,
			);
			name = Products;
			sourceTree = "<group>";
		};
		A4D7F1BA2404551E00F2C1DC /* DoKostola-iOS */ = {
			isa = PBXGroup;
			children = (
				A4AD16642405C04100C480F3 /* Screens */,
				A493082B24046E7D00BB7FC5 /* DTO */,
				A4D7F1CF2404555E00F2C1DC /* Managers */,
				A4D7F1BB2404551E00F2C1DC /* AppDelegate.swift */,
				A4D7F1BD2404551E00F2C1DC /* SceneDelegate.swift */,
				A4D7F1BF2404551E00F2C1DC /* ContentView.swift */,
				A4D7F1C12404552400F2C1DC /* Assets.xcassets */,
				A4D7F1C62404552400F2C1DC /* LaunchScreen.storyboard */,
				A4D7F1C92404552400F2C1DC /* Info.plist */,
				A4D7F1C32404552400F2C1DC /* Preview Content */,
			);
			path = "DoKostola-iOS";
			sourceTree = "<group>";
		};
		A4D7F1C32404552400F2C1DC /* Preview Content */ = {
			isa = PBXGroup;
			children = (
				A4D7F1C42404552400F2C1DC /* Preview Assets.xcassets */,
			);
			path = "Preview Content";
			sourceTree = "<group>";
		};
		A4D7F1CF2404555E00F2C1DC /* Managers */ = {
			isa = PBXGroup;
			children = (
				A4AD166B2405CD2900C480F3 /* LocationManager */,
				A4AD166A2405CD0D00C480F3 /* API */,
			);
			path = Managers;
			sourceTree = "<group>";
		};
/* End PBXGroup section */

/* Begin PBXNativeTarget section */
		A493083724046F8500BB7FC5 /* DoKostolaTests */ = {
			isa = PBXNativeTarget;
			buildConfigurationList = A493083F24046F8500BB7FC5 /* Build configuration list for PBXNativeTarget "DoKostolaTests" */;
			buildPhases = (
				A493083424046F8500BB7FC5 /* Sources */,
				A493083524046F8500BB7FC5 /* Frameworks */,
				A493083624046F8500BB7FC5 /* Resources */,
			);
			buildRules = (
			);
			dependencies = (
				A493083E24046F8500BB7FC5 /* PBXTargetDependency */,
			);
			name = DoKostolaTests;
			productName = "DoKostola-iOSTests";
			productReference = A493083824046F8500BB7FC5 /* DoKostolaTests.xctest */;
			productType = "com.apple.product-type.bundle.unit-test";
		};
		A4D7F1B72404551E00F2C1DC /* DoKostola */ = {
			isa = PBXNativeTarget;
			buildConfigurationList = A4D7F1CC2404552400F2C1DC /* Build configuration list for PBXNativeTarget "DoKostola" */;
			buildPhases = (
				A4D7F1B42404551E00F2C1DC /* Sources */,
				A4D7F1B52404551E00F2C1DC /* Frameworks */,
				A4D7F1B62404551E00F2C1DC /* Resources */,
			);
			buildRules = (
			);
			dependencies = (
			);
			name = DoKostola;
			productName = "DoKostola-iOS";
			productReference = A4D7F1B82404551E00F2C1DC /* DoKostola.app */;
			productType = "com.apple.product-type.application";
		};
/* End PBXNativeTarget section */

/* Begin PBXProject section */
		A4D7F1B02404551E00F2C1DC /* Project object */ = {
			isa = PBXProject;
			attributes = {
				LastSwiftUpdateCheck = 1130;
				LastUpgradeCheck = 1130;
				ORGANIZATIONNAME = "Jan Timar";
				TargetAttributes = {
					A493083724046F8500BB7FC5 = {
						CreatedOnToolsVersion = 11.3.1;
						TestTargetID = A4D7F1B72404551E00F2C1DC;
					};
					A4D7F1B72404551E00F2C1DC = {
						CreatedOnToolsVersion = 11.3.1;
					};
				};
			};
			buildConfigurationList = A4D7F1B32404551E00F2C1DC /* Build configuration list for PBXProject "DoKostola" */;
			compatibilityVersion = "Xcode 9.3";
			developmentRegion = en;
			hasScannedForEncodings = 0;
			knownRegions = (
				en,
				Base,
			);
			mainGroup = A4D7F1AF2404551E00F2C1DC;
			productRefGroup = A4D7F1B92404551E00F2C1DC /* Products */;
			projectDirPath = "";
			projectRoot = "";
			targets = (
				A4D7F1B72404551E00F2C1DC /* DoKostola */,
				A493083724046F8500BB7FC5 /* DoKostolaTests */,
			);
		};
/* End PBXProject section */

/* Begin PBXResourcesBuildPhase section */
		A493083624046F8500BB7FC5 /* Resources */ = {
			isa = PBXResourcesBuildPhase;
			buildActionMask = 2147483647;
			files = (
			);
			runOnlyForDeploymentPostprocessing = 0;
		};
		A4D7F1B62404551E00F2C1DC /* Resources */ = {
			isa = PBXResourcesBuildPhase;
			buildActionMask = 2147483647;
			files = (
				A4D7F1C82404552400F2C1DC /* LaunchScreen.storyboard in Resources */,
				A4D7F1C52404552400F2C1DC /* Preview Assets.xcassets in Resources */,
				A4D7F1C22404552400F2C1DC /* Assets.xcassets in Resources */,
			);
			runOnlyForDeploymentPostprocessing = 0;
		};
/* End PBXResourcesBuildPhase section */

/* Begin PBXSourcesBuildPhase section */
		A493083424046F8500BB7FC5 /* Sources */ = {
			isa = PBXSourcesBuildPhase;
			buildActionMask = 2147483647;
			files = (
				A4AD16712405D66A00C480F3 /* LocationTests.swift in Sources */,
				A49308432404704000BB7FC5 /* DoKostolaAPIServiceTests.swift in Sources */,
				A42BCCC92405B5AB00CDD414 /* MockURLProtocol.swift in Sources */,
				A42BCCCC2405B5DE00CDD414 /* URLSessionConfiguration+Mock.swift in Sources */,
				A4AD166F2405D3ED00C480F3 /* MockCLLocationManager.swift in Sources */,
			);
			runOnlyForDeploymentPostprocessing = 0;
		};
		A4D7F1B42404551E00F2C1DC /* Sources */ = {
			isa = PBXSourcesBuildPhase;
			buildActionMask = 2147483647;
			files = (
				A4D7F1BC2404551E00F2C1DC /* AppDelegate.swift in Sources */,
				A493082A2404664E00BB7FC5 /* APIService.swift in Sources */,
				A493082D24046E8600BB7FC5 /* CityDTO.swift in Sources */,
				A493083124046EBA00BB7FC5 /* URLRequest+Resource.swift in Sources */,
				A493083324046EC700BB7FC5 /* URLMethod.swift in Sources */,
				A4AD16672405C0EB00C480F3 /* HomeView.swift in Sources */,
				A4D7F1BE2404551E00F2C1DC /* SceneDelegate.swift in Sources */,
				A4AD16692405C16A00C480F3 /* HomeViewModel.swift in Sources */,
				A49308282404580500BB7FC5 /* DoKostolaAPIServiceProtocol.swift in Sources */,
				A4D7F1C02404551E00F2C1DC /* ContentView.swift in Sources */,
				A493082F24046EA100BB7FC5 /* Resource.swift in Sources */,
				A49308452404802D00BB7FC5 /* CitiesResponse.swift in Sources */,
				A4AD166D2405CEC100C480F3 /* LocationManager.swift in Sources */,
			);
			runOnlyForDeploymentPostprocessing = 0;
		};
/* End PBXSourcesBuildPhase section */

/* Begin PBXTargetDependency section */
		A493083E24046F8500BB7FC5 /* PBXTargetDependency */ = {
			isa = PBXTargetDependency;
			target = A4D7F1B72404551E00F2C1DC /* DoKostola */;
			targetProxy = A493083D24046F8500BB7FC5 /* PBXContainerItemProxy */;
		};
/* End PBXTargetDependency section */

/* Begin PBXVariantGroup section */
		A4D7F1C62404552400F2C1DC /* LaunchScreen.storyboard */ = {
			isa = PBXVariantGroup;
			children = (
				A4D7F1C72404552400F2C1DC /* Base */,
			);
			name = LaunchScreen.storyboard;
			sourceTree = "<group>";
		};
/* End PBXVariantGroup section */

/* Begin XCBuildConfiguration section */
		A493084024046F8500BB7FC5 /* Debug */ = {
			isa = XCBuildConfiguration;
			buildSettings = {
				BUNDLE_LOADER = "$(TEST_HOST)";
				CODE_SIGN_STYLE = Automatic;
				DEVELOPMENT_TEAM = 9Q6922742Y;
				INFOPLIST_FILE = "DoKostola-iOSTests/Info.plist";
				LD_RUNPATH_SEARCH_PATHS = (
					"$(inherited)",
					"@executable_path/Frameworks",
					"@loader_path/Frameworks",
				);
				PRODUCT_BUNDLE_IDENTIFIER = "sk.jantimar.DoKostola-iOSTests";
				PRODUCT_NAME = "$(TARGET_NAME)";
				SWIFT_VERSION = 5.0;
				TARGETED_DEVICE_FAMILY = "1,2";
				TEST_HOST = "$(BUILT_PRODUCTS_DIR)/DoKostola.app/DoKostola";
			};
			name = Debug;
		};
		A493084124046F8500BB7FC5 /* Release */ = {
			isa = XCBuildConfiguration;
			buildSettings = {
				BUNDLE_LOADER = "$(TEST_HOST)";
				CODE_SIGN_STYLE = Automatic;
				DEVELOPMENT_TEAM = 9Q6922742Y;
				INFOPLIST_FILE = "DoKostola-iOSTests/Info.plist";
				LD_RUNPATH_SEARCH_PATHS = (
					"$(inherited)",
					"@executable_path/Frameworks",
					"@loader_path/Frameworks",
				);
				PRODUCT_BUNDLE_IDENTIFIER = "sk.jantimar.DoKostola-iOSTests";
				PRODUCT_NAME = "$(TARGET_NAME)";
				SWIFT_VERSION = 5.0;
				TARGETED_DEVICE_FAMILY = "1,2";
				TEST_HOST = "$(BUILT_PRODUCTS_DIR)/DoKostola.app/DoKostola";
			};
			name = Release;
		};
		A4D7F1CA2404552400F2C1DC /* Debug */ = {
			isa = XCBuildConfiguration;
			buildSettings = {
				ALWAYS_SEARCH_USER_PATHS = NO;
				CLANG_ANALYZER_NONNULL = YES;
				CLANG_ANALYZER_NUMBER_OBJECT_CONVERSION = YES_AGGRESSIVE;
				CLANG_CXX_LANGUAGE_STANDARD = "gnu++14";
				CLANG_CXX_LIBRARY = "libc++";
				CLANG_ENABLE_MODULES = YES;
				CLANG_ENABLE_OBJC_ARC = YES;
				CLANG_ENABLE_OBJC_WEAK = YES;
				CLANG_WARN_BLOCK_CAPTURE_AUTORELEASING = YES;
				CLANG_WARN_BOOL_CONVERSION = YES;
				CLANG_WARN_COMMA = YES;
				CLANG_WARN_CONSTANT_CONVERSION = YES;
				CLANG_WARN_DEPRECATED_OBJC_IMPLEMENTATIONS = YES;
				CLANG_WARN_DIRECT_OBJC_ISA_USAGE = YES_ERROR;
				CLANG_WARN_DOCUMENTATION_COMMENTS = YES;
				CLANG_WARN_EMPTY_BODY = YES;
				CLANG_WARN_ENUM_CONVERSION = YES;
				CLANG_WARN_INFINITE_RECURSION = YES;
				CLANG_WARN_INT_CONVERSION = YES;
				CLANG_WARN_NON_LITERAL_NULL_CONVERSION = YES;
				CLANG_WARN_OBJC_IMPLICIT_RETAIN_SELF = YES;
				CLANG_WARN_OBJC_LITERAL_CONVERSION = YES;
				CLANG_WARN_OBJC_ROOT_CLASS = YES_ERROR;
				CLANG_WARN_RANGE_LOOP_ANALYSIS = YES;
				CLANG_WARN_STRICT_PROTOTYPES = YES;
				CLANG_WARN_SUSPICIOUS_MOVE = YES;
				CLANG_WARN_UNGUARDED_AVAILABILITY = YES_AGGRESSIVE;
				CLANG_WARN_UNREACHABLE_CODE = YES;
				CLANG_WARN__DUPLICATE_METHOD_MATCH = YES;
				COPY_PHASE_STRIP = NO;
				DEBUG_INFORMATION_FORMAT = dwarf;
				ENABLE_STRICT_OBJC_MSGSEND = YES;
				ENABLE_TESTABILITY = YES;
				GCC_C_LANGUAGE_STANDARD = gnu11;
				GCC_DYNAMIC_NO_PIC = NO;
				GCC_NO_COMMON_BLOCKS = YES;
				GCC_OPTIMIZATION_LEVEL = 0;
				GCC_PREPROCESSOR_DEFINITIONS = (
					"DEBUG=1",
					"$(inherited)",
				);
				GCC_WARN_64_TO_32_BIT_CONVERSION = YES;
				GCC_WARN_ABOUT_RETURN_TYPE = YES_ERROR;
				GCC_WARN_UNDECLARED_SELECTOR = YES;
				GCC_WARN_UNINITIALIZED_AUTOS = YES_AGGRESSIVE;
				GCC_WARN_UNUSED_FUNCTION = YES;
				GCC_WARN_UNUSED_VARIABLE = YES;
				IPHONEOS_DEPLOYMENT_TARGET = 13.2;
				MTL_ENABLE_DEBUG_INFO = INCLUDE_SOURCE;
				MTL_FAST_MATH = YES;
				ONLY_ACTIVE_ARCH = YES;
				SDKROOT = iphoneos;
				SWIFT_ACTIVE_COMPILATION_CONDITIONS = DEBUG;
				SWIFT_OPTIMIZATION_LEVEL = "-Onone";
			};
			name = Debug;
		};
		A4D7F1CB2404552400F2C1DC /* Release */ = {
			isa = XCBuildConfiguration;
			buildSettings = {
				ALWAYS_SEARCH_USER_PATHS = NO;
				CLANG_ANALYZER_NONNULL = YES;
				CLANG_ANALYZER_NUMBER_OBJECT_CONVERSION = YES_AGGRESSIVE;
				CLANG_CXX_LANGUAGE_STANDARD = "gnu++14";
				CLANG_CXX_LIBRARY = "libc++";
				CLANG_ENABLE_MODULES = YES;
				CLANG_ENABLE_OBJC_ARC = YES;
				CLANG_ENABLE_OBJC_WEAK = YES;
				CLANG_WARN_BLOCK_CAPTURE_AUTORELEASING = YES;
				CLANG_WARN_BOOL_CONVERSION = YES;
				CLANG_WARN_COMMA = YES;
				CLANG_WARN_CONSTANT_CONVERSION = YES;
				CLANG_WARN_DEPRECATED_OBJC_IMPLEMENTATIONS = YES;
				CLANG_WARN_DIRECT_OBJC_ISA_USAGE = YES_ERROR;
				CLANG_WARN_DOCUMENTATION_COMMENTS = YES;
				CLANG_WARN_EMPTY_BODY = YES;
				CLANG_WARN_ENUM_CONVERSION = YES;
				CLANG_WARN_INFINITE_RECURSION = YES;
				CLANG_WARN_INT_CONVERSION = YES;
				CLANG_WARN_NON_LITERAL_NULL_CONVERSION = YES;
				CLANG_WARN_OBJC_IMPLICIT_RETAIN_SELF = YES;
				CLANG_WARN_OBJC_LITERAL_CONVERSION = YES;
				CLANG_WARN_OBJC_ROOT_CLASS = YES_ERROR;
				CLANG_WARN_RANGE_LOOP_ANALYSIS = YES;
				CLANG_WARN_STRICT_PROTOTYPES = YES;
				CLANG_WARN_SUSPICIOUS_MOVE = YES;
				CLANG_WARN_UNGUARDED_AVAILABILITY = YES_AGGRESSIVE;
				CLANG_WARN_UNREACHABLE_CODE = YES;
				CLANG_WARN__DUPLICATE_METHOD_MATCH = YES;
				COPY_PHASE_STRIP = NO;
				DEBUG_INFORMATION_FORMAT = "dwarf-with-dsym";
				ENABLE_NS_ASSERTIONS = NO;
				ENABLE_STRICT_OBJC_MSGSEND = YES;
				GCC_C_LANGUAGE_STANDARD = gnu11;
				GCC_NO_COMMON_BLOCKS = YES;
				GCC_WARN_64_TO_32_BIT_CONVERSION = YES;
				GCC_WARN_ABOUT_RETURN_TYPE = YES_ERROR;
				GCC_WARN_UNDECLARED_SELECTOR = YES;
				GCC_WARN_UNINITIALIZED_AUTOS = YES_AGGRESSIVE;
				GCC_WARN_UNUSED_FUNCTION = YES;
				GCC_WARN_UNUSED_VARIABLE = YES;
				IPHONEOS_DEPLOYMENT_TARGET = 13.2;
				MTL_ENABLE_DEBUG_INFO = NO;
				MTL_FAST_MATH = YES;
				SDKROOT = iphoneos;
				SWIFT_COMPILATION_MODE = wholemodule;
				SWIFT_OPTIMIZATION_LEVEL = "-O";
				VALIDATE_PRODUCT = YES;
			};
			name = Release;
		};
		A4D7F1CD2404552400F2C1DC /* Debug */ = {
			isa = XCBuildConfiguration;
			buildSettings = {
				ASSETCATALOG_COMPILER_APPICON_NAME = AppIcon;
				CODE_SIGN_STYLE = Automatic;
				DEVELOPMENT_ASSET_PATHS = "\"DoKostola-iOS/Preview Content\"";
				DEVELOPMENT_TEAM = 9Q6922742Y;
				ENABLE_PREVIEWS = YES;
				INFOPLIST_FILE = "DoKostola-iOS/Info.plist";
				LD_RUNPATH_SEARCH_PATHS = (
					"$(inherited)",
					"@executable_path/Frameworks",
				);
				PRODUCT_BUNDLE_IDENTIFIER = sk.jantimar.DoKostola;
				PRODUCT_NAME = DoKostola;
				SWIFT_VERSION = 5.0;
				TARGETED_DEVICE_FAMILY = "1,2";
			};
			name = Debug;
		};
		A4D7F1CE2404552400F2C1DC /* Release */ = {
			isa = XCBuildConfiguration;
			buildSettings = {
				ASSETCATALOG_COMPILER_APPICON_NAME = AppIcon;
				CODE_SIGN_STYLE = Automatic;
				DEVELOPMENT_ASSET_PATHS = "\"DoKostola-iOS/Preview Content\"";
				DEVELOPMENT_TEAM = 9Q6922742Y;
				ENABLE_PREVIEWS = YES;
				INFOPLIST_FILE = "DoKostola-iOS/Info.plist";
				LD_RUNPATH_SEARCH_PATHS = (
					"$(inherited)",
					"@executable_path/Frameworks",
				);
				PRODUCT_BUNDLE_IDENTIFIER = sk.jantimar.DoKostola;
				PRODUCT_NAME = DoKostola;
				SWIFT_VERSION = 5.0;
				TARGETED_DEVICE_FAMILY = "1,2";
			};
			name = Release;
		};
/* End XCBuildConfiguration section */

/* Begin XCConfigurationList section */
		A493083F24046F8500BB7FC5 /* Build configuration list for PBXNativeTarget "DoKostolaTests" */ = {
			isa = XCConfigurationList;
			buildConfigurations = (
				A493084024046F8500BB7FC5 /* Debug */,
				A493084124046F8500BB7FC5 /* Release */,
			);
			defaultConfigurationIsVisible = 0;
			defaultConfigurationName = Release;
		};
		A4D7F1B32404551E00F2C1DC /* Build configuration list for PBXProject "DoKostola" */ = {
			isa = XCConfigurationList;
			buildConfigurations = (
				A4D7F1CA2404552400F2C1DC /* Debug */,
				A4D7F1CB2404552400F2C1DC /* Release */,
			);
			defaultConfigurationIsVisible = 0;
			defaultConfigurationName = Release;
		};
		A4D7F1CC2404552400F2C1DC /* Build configuration list for PBXNativeTarget "DoKostola" */ = {
			isa = XCConfigurationList;
			buildConfigurations = (
				A4D7F1CD2404552400F2C1DC /* Debug */,
				A4D7F1CE2404552400F2C1DC /* Release */,
			);
			defaultConfigurationIsVisible = 0;
			defaultConfigurationName = Release;
		};
/* End XCConfigurationList section */
	};
	rootObject = A4D7F1B02404551E00F2C1DC /* Project object */;
}
