// !$*UTF8*$!
{
	archiveVersion = 1;
	classes = {
	};
	objectVersion = 50;
	objects = {

/* Begin PBXBuildFile section */
		A40677F6242E20A500FEC873 /* MapView.swift in Sources */ = {isa = PBXBuildFile; fileRef = A40677F5242E20A500FEC873 /* MapView.swift */; };
		A40677F8242E2B0B00FEC873 /* RepoTests.swift in Sources */ = {isa = PBXBuildFile; fileRef = A40677F7242E2B0B00FEC873 /* RepoTests.swift */; };
		A425E16A241AE331009DAA7E /* ActivityIndicator.swift in Sources */ = {isa = PBXBuildFile; fileRef = A425E169241AE331009DAA7E /* ActivityIndicator.swift */; };
		A42BCCC92405B5AB00CDD414 /* MockURLProtocol.swift in Sources */ = {isa = PBXBuildFile; fileRef = A42BCCC82405B5AB00CDD414 /* MockURLProtocol.swift */; };
		A42BCCCC2405B5DE00CDD414 /* URLSessionConfiguration+Mock.swift in Sources */ = {isa = PBXBuildFile; fileRef = A42BCCCB2405B5DE00CDD414 /* URLSessionConfiguration+Mock.swift */; };
		A4382F9B242BFDFE00A030B5 /* SearchState.swift in Sources */ = {isa = PBXBuildFile; fileRef = A4382F9A242BFDFE00A030B5 /* SearchState.swift */; };
		A4382F9D242BFE0A00A030B5 /* SearchView.swift in Sources */ = {isa = PBXBuildFile; fileRef = A4382F9C242BFE0A00A030B5 /* SearchView.swift */; };
		A4382FA0242BFFD300A030B5 /* InfoView.swift in Sources */ = {isa = PBXBuildFile; fileRef = A4382F9F242BFFD300A030B5 /* InfoView.swift */; };
		A4382FA2242BFFDD00A030B5 /* InfoState.swift in Sources */ = {isa = PBXBuildFile; fileRef = A4382FA1242BFFDD00A030B5 /* InfoState.swift */; };
		A4382FA4242CE96500A030B5 /* SearchTextField.swift in Sources */ = {isa = PBXBuildFile; fileRef = A4382FA3242CE96500A030B5 /* SearchTextField.swift */; };
		A451E46D241D902700C73A46 /* City.swift in Sources */ = {isa = PBXBuildFile; fileRef = A451E46C241D902700C73A46 /* City.swift */; };
		A451E46F241D903000C73A46 /* Church.swift in Sources */ = {isa = PBXBuildFile; fileRef = A451E46E241D903000C73A46 /* Church.swift */; };
		A451E471241D903E00C73A46 /* Feast.swift in Sources */ = {isa = PBXBuildFile; fileRef = A451E470241D903E00C73A46 /* Feast.swift */; };
		A451E473241D917C00C73A46 /* Location.swift in Sources */ = {isa = PBXBuildFile; fileRef = A451E472241D917C00C73A46 /* Location.swift */; };
		A451E475241D957000C73A46 /* DoKostolaError.swift in Sources */ = {isa = PBXBuildFile; fileRef = A451E474241D957000C73A46 /* DoKostolaError.swift */; };
		A451E477241D966500C73A46 /* DateFormatter+Types.swift in Sources */ = {isa = PBXBuildFile; fileRef = A451E476241D966500C73A46 /* DateFormatter+Types.swift */; };
		A451E47B241D9EDC00C73A46 /* ChurchDTOTests.swift in Sources */ = {isa = PBXBuildFile; fileRef = A451E47A241D9EDC00C73A46 /* ChurchDTOTests.swift */; };
		A451E47C241DA08100C73A46 /* LocationTests.swift in Sources */ = {isa = PBXBuildFile; fileRef = A4AD16702405D66A00C480F3 /* LocationTests.swift */; };
		A451E47D241DA08D00C73A46 /* DoKostolaAPIServiceTests.swift in Sources */ = {isa = PBXBuildFile; fileRef = A49308422404704000BB7FC5 /* DoKostolaAPIServiceTests.swift */; };
		A451E47F241DA3AA00C73A46 /* CityDTOTests.swift in Sources */ = {isa = PBXBuildFile; fileRef = A451E47E241DA3AA00C73A46 /* CityDTOTests.swift */; };
		A451E481241DA44A00C73A46 /* MassDTOTests.swift in Sources */ = {isa = PBXBuildFile; fileRef = A451E480241DA44A00C73A46 /* MassDTOTests.swift */; };
		A451E484241DA5B000C73A46 /* FeastDTOTests.swift in Sources */ = {isa = PBXBuildFile; fileRef = A451E483241DA5B000C73A46 /* FeastDTOTests.swift */; };
		A451E486241E09CC00C73A46 /* Number+StringTests.swift in Sources */ = {isa = PBXBuildFile; fileRef = A451E485241E09CC00C73A46 /* Number+StringTests.swift */; };
		A451E488241E0BD100C73A46 /* DateFormatter+TypesTests.swift in Sources */ = {isa = PBXBuildFile; fileRef = A451E487241E0BD100C73A46 /* DateFormatter+TypesTests.swift */; };
		A451E48A241E342500C73A46 /* CityTests.swift in Sources */ = {isa = PBXBuildFile; fileRef = A451E489241E342500C73A46 /* CityTests.swift */; };
		A451E48C241E352500C73A46 /* ChurchTests.swift in Sources */ = {isa = PBXBuildFile; fileRef = A451E48B241E352500C73A46 /* ChurchTests.swift */; };
		A451E48E241E378800C73A46 /* FeastTests.swift in Sources */ = {isa = PBXBuildFile; fileRef = A451E48D241E378800C73A46 /* FeastTests.swift */; };
		A4844AD52438D91100609BAB /* MassTests.swift in Sources */ = {isa = PBXBuildFile; fileRef = A4844AD42438D91100609BAB /* MassTests.swift */; };
		A4844AD7243901BF00609BAB /* DetailView.swift in Sources */ = {isa = PBXBuildFile; fileRef = A4844AD6243901BF00609BAB /* DetailView.swift */; };
		A4844AD9243901CD00609BAB /* DetailState.swift in Sources */ = {isa = PBXBuildFile; fileRef = A4844AD8243901CD00609BAB /* DetailState.swift */; };
		A4844ADB243B361800609BAB /* Geocoder.swift in Sources */ = {isa = PBXBuildFile; fileRef = A4844ADA243B361800609BAB /* Geocoder.swift */; };
		A4844ADE243B5B0A00609BAB /* MainButtonStyle.swift in Sources */ = {isa = PBXBuildFile; fileRef = A4844ADD243B5B0A00609BAB /* MainButtonStyle.swift */; };
		A4844AE0243BD36300609BAB /* HomeInterceptor.swift in Sources */ = {isa = PBXBuildFile; fileRef = A4844ADF243BD36300609BAB /* HomeInterceptor.swift */; };
		A4844AE2243BEFD900609BAB /* SearchInterceptor.swift in Sources */ = {isa = PBXBuildFile; fileRef = A4844AE1243BEFD900609BAB /* SearchInterceptor.swift */; };
		A4844AE4243BEFF500609BAB /* SearchRow.swift in Sources */ = {isa = PBXBuildFile; fileRef = A4844AE3243BEFF500609BAB /* SearchRow.swift */; };
		A4844AE6243C852C00609BAB /* AppEnvironment.swift in Sources */ = {isa = PBXBuildFile; fileRef = A4844AE5243C852C00609BAB /* AppEnvironment.swift */; };
		A4844AE8243C8DBD00609BAB /* LoadingInterceptor.swift in Sources */ = {isa = PBXBuildFile; fileRef = A4844AE7243C8DBD00609BAB /* LoadingInterceptor.swift */; };
		A4844AEA243CA12000609BAB /* InfoInterceptor.swift in Sources */ = {isa = PBXBuildFile; fileRef = A4844AE9243CA12000609BAB /* InfoInterceptor.swift */; };
		A4844AEC243CCA3900609BAB /* DetailInterceptor.swift in Sources */ = {isa = PBXBuildFile; fileRef = A4844AEB243CCA3900609BAB /* DetailInterceptor.swift */; };
		A49308282404580500BB7FC5 /* DoKostolaAPIServiceProtocol.swift in Sources */ = {isa = PBXBuildFile; fileRef = A49308272404580500BB7FC5 /* DoKostolaAPIServiceProtocol.swift */; };
		A493082A2404664E00BB7FC5 /* APIService.swift in Sources */ = {isa = PBXBuildFile; fileRef = A49308292404664E00BB7FC5 /* APIService.swift */; };
		A493082D24046E8600BB7FC5 /* CityDTO.swift in Sources */ = {isa = PBXBuildFile; fileRef = A493082C24046E8600BB7FC5 /* CityDTO.swift */; };
		A493082F24046EA100BB7FC5 /* Resource.swift in Sources */ = {isa = PBXBuildFile; fileRef = A493082E24046EA100BB7FC5 /* Resource.swift */; };
		A493083124046EBA00BB7FC5 /* URLRequest+Resource.swift in Sources */ = {isa = PBXBuildFile; fileRef = A493083024046EBA00BB7FC5 /* URLRequest+Resource.swift */; };
		A493083324046EC700BB7FC5 /* URLMethod.swift in Sources */ = {isa = PBXBuildFile; fileRef = A493083224046EC700BB7FC5 /* URLMethod.swift */; };
		A49308452404802D00BB7FC5 /* CitiesResponse.swift in Sources */ = {isa = PBXBuildFile; fileRef = A49308442404802D00BB7FC5 /* CitiesResponse.swift */; };
		A499B23E2416EB1400FCC188 /* MassasResponse.swift in Sources */ = {isa = PBXBuildFile; fileRef = A499B23D2416EB1400FCC188 /* MassasResponse.swift */; };
		A499B2402416EC4F00FCC188 /* MassDTO.swift in Sources */ = {isa = PBXBuildFile; fileRef = A499B23F2416EC4F00FCC188 /* MassDTO.swift */; };
		A499B2422416EE8500FCC188 /* ChurchMassesDTO.swift in Sources */ = {isa = PBXBuildFile; fileRef = A499B2412416EE8500FCC188 /* ChurchMassesDTO.swift */; };
		A499B2442416F05F00FCC188 /* FeastsResponse.swift in Sources */ = {isa = PBXBuildFile; fileRef = A499B2432416F05F00FCC188 /* FeastsResponse.swift */; };
		A499B2462416F09300FCC188 /* FeastDTO.swift in Sources */ = {isa = PBXBuildFile; fileRef = A499B2452416F09300FCC188 /* FeastDTO.swift */; };
		A499B2482416F14000FCC188 /* DoKostolaAPIService.swift in Sources */ = {isa = PBXBuildFile; fileRef = A499B2472416F14000FCC188 /* DoKostolaAPIService.swift */; };
		A499B24A2416F17A00FCC188 /* Resource+DoKostola.swift in Sources */ = {isa = PBXBuildFile; fileRef = A499B2492416F17A00FCC188 /* Resource+DoKostola.swift */; };
		A499B24D2416F62400FCC188 /* Number+String.swift in Sources */ = {isa = PBXBuildFile; fileRef = A499B24C2416F62400FCC188 /* Number+String.swift */; };
		A4AD16672405C0EB00C480F3 /* HomeView.swift in Sources */ = {isa = PBXBuildFile; fileRef = A4AD16662405C0EB00C480F3 /* HomeView.swift */; };
		A4AD16692405C16A00C480F3 /* HomeState.swift in Sources */ = {isa = PBXBuildFile; fileRef = A4AD16682405C16A00C480F3 /* HomeState.swift */; };
		A4AD166D2405CEC100C480F3 /* LocationManager.swift in Sources */ = {isa = PBXBuildFile; fileRef = A4AD166C2405CEC100C480F3 /* LocationManager.swift */; };
		A4AD166F2405D3ED00C480F3 /* MockCLLocationManager.swift in Sources */ = {isa = PBXBuildFile; fileRef = A4AD166E2405D3ED00C480F3 /* MockCLLocationManager.swift */; };
		A4CEFB9B243D0E050041496F /* SearchRowView.swift in Sources */ = {isa = PBXBuildFile; fileRef = A4CEFB9A243D0E050041496F /* SearchRowView.swift */; };
		A4CEFBA5243E46250041496F /* AppStyle.swift in Sources */ = {isa = PBXBuildFile; fileRef = A4CEFBA4243E46250041496F /* AppStyle.swift */; };
		A4CEFBAA243E82A60041496F /* AppStyleKey.swift in Sources */ = {isa = PBXBuildFile; fileRef = A4CEFBA9243E82A60041496F /* AppStyleKey.swift */; };
		A4CEFBAC243E87660041496F /* View+AppStyleProtocol.swift in Sources */ = {isa = PBXBuildFile; fileRef = A4CEFBAB243E87660041496F /* View+AppStyleProtocol.swift */; };
		A4CEFBAE243E87B80041496F /* Text+AppStyleProtocol.swift in Sources */ = {isa = PBXBuildFile; fileRef = A4CEFBAD243E87B80041496F /* Text+AppStyleProtocol.swift */; };
		A4D7CE0C2437EB06007335CD /* Mass.swift in Sources */ = {isa = PBXBuildFile; fileRef = A4D7CE0B2437EB06007335CD /* Mass.swift */; };
		A4D7CE0E2437EB1C007335CD /* ChurchMasses.swift in Sources */ = {isa = PBXBuildFile; fileRef = A4D7CE0D2437EB1C007335CD /* ChurchMasses.swift */; };
		A4D7F1BC2404551E00F2C1DC /* AppDelegate.swift in Sources */ = {isa = PBXBuildFile; fileRef = A4D7F1BB2404551E00F2C1DC /* AppDelegate.swift */; };
		A4D7F1BE2404551E00F2C1DC /* SceneDelegate.swift in Sources */ = {isa = PBXBuildFile; fileRef = A4D7F1BD2404551E00F2C1DC /* SceneDelegate.swift */; };
		A4D7F1C22404552400F2C1DC /* Assets.xcassets in Resources */ = {isa = PBXBuildFile; fileRef = A4D7F1C12404552400F2C1DC /* Assets.xcassets */; };
		A4D7F1C52404552400F2C1DC /* Preview Assets.xcassets in Resources */ = {isa = PBXBuildFile; fileRef = A4D7F1C42404552400F2C1DC /* Preview Assets.xcassets */; };
		A4D7F1C82404552400F2C1DC /* LaunchScreen.storyboard in Resources */ = {isa = PBXBuildFile; fileRef = A4D7F1C62404552400F2C1DC /* LaunchScreen.storyboard */; };
		A4E3F3B5240D9A7F00678CCD /* ChurchesResponse.swift in Sources */ = {isa = PBXBuildFile; fileRef = A4E3F3B4240D9A7F00678CCD /* ChurchesResponse.swift */; };
		A4E3F3B7240D9B2F00678CCD /* ChurchDTO.swift in Sources */ = {isa = PBXBuildFile; fileRef = A4E3F3B6240D9B2F00678CCD /* ChurchDTO.swift */; };
		A4FBBC60241824AF0073FE45 /* Repo.swift in Sources */ = {isa = PBXBuildFile; fileRef = A4FBBC5F241824AF0073FE45 /* Repo.swift */; };
		A4FBBC65241846730073FE45 /* LoadingView.swift in Sources */ = {isa = PBXBuildFile; fileRef = A4FBBC64241846730073FE45 /* LoadingView.swift */; };
		A4FBBC67241846A50073FE45 /* LoadingState.swift in Sources */ = {isa = PBXBuildFile; fileRef = A4FBBC66241846A50073FE45 /* LoadingState.swift */; };
/* End PBXBuildFile section */

/* Begin PBXContainerItemProxy section */
		A493083D24046F8500BB7FC5 /* PBXContainerItemProxy */ = {
			isa = PBXContainerItemProxy;
			containerPortal = A4D7F1B02404551E00F2C1DC /* Project object */;
			proxyType = 1;
			remoteGlobalIDString = A4D7F1B72404551E00F2C1DC;
			remoteInfo = "DoKostola-iOS";
		};
/* End PBXContainerItemProxy section */

/* Begin PBXFileReference section */
		A40677F5242E20A500FEC873 /* MapView.swift */ = {isa = PBXFileReference; lastKnownFileType = sourcecode.swift; path = MapView.swift; sourceTree = "<group>"; };
		A40677F7242E2B0B00FEC873 /* RepoTests.swift */ = {isa = PBXFileReference; lastKnownFileType = sourcecode.swift; path = RepoTests.swift; sourceTree = "<group>"; };
		A425E169241AE331009DAA7E /* ActivityIndicator.swift */ = {isa = PBXFileReference; lastKnownFileType = sourcecode.swift; path = ActivityIndicator.swift; sourceTree = "<group>"; };
		A42BCCC82405B5AB00CDD414 /* MockURLProtocol.swift */ = {isa = PBXFileReference; lastKnownFileType = sourcecode.swift; path = MockURLProtocol.swift; sourceTree = "<group>"; };
		A42BCCCB2405B5DE00CDD414 /* URLSessionConfiguration+Mock.swift */ = {isa = PBXFileReference; lastKnownFileType = sourcecode.swift; path = "URLSessionConfiguration+Mock.swift"; sourceTree = "<group>"; };
		A4382F9A242BFDFE00A030B5 /* SearchState.swift */ = {isa = PBXFileReference; lastKnownFileType = sourcecode.swift; path = SearchState.swift; sourceTree = "<group>"; };
		A4382F9C242BFE0A00A030B5 /* SearchView.swift */ = {isa = PBXFileReference; lastKnownFileType = sourcecode.swift; path = SearchView.swift; sourceTree = "<group>"; };
		A4382F9F242BFFD300A030B5 /* InfoView.swift */ = {isa = PBXFileReference; lastKnownFileType = sourcecode.swift; path = InfoView.swift; sourceTree = "<group>"; };
		A4382FA1242BFFDD00A030B5 /* InfoState.swift */ = {isa = PBXFileReference; lastKnownFileType = sourcecode.swift; path = InfoState.swift; sourceTree = "<group>"; };
		A4382FA3242CE96500A030B5 /* SearchTextField.swift */ = {isa = PBXFileReference; lastKnownFileType = sourcecode.swift; path = SearchTextField.swift; sourceTree = "<group>"; };
		A451E46C241D902700C73A46 /* City.swift */ = {isa = PBXFileReference; lastKnownFileType = sourcecode.swift; path = City.swift; sourceTree = "<group>"; };
		A451E46E241D903000C73A46 /* Church.swift */ = {isa = PBXFileReference; lastKnownFileType = sourcecode.swift; path = Church.swift; sourceTree = "<group>"; };
		A451E470241D903E00C73A46 /* Feast.swift */ = {isa = PBXFileReference; lastKnownFileType = sourcecode.swift; path = Feast.swift; sourceTree = "<group>"; };
		A451E472241D917C00C73A46 /* Location.swift */ = {isa = PBXFileReference; lastKnownFileType = sourcecode.swift; path = Location.swift; sourceTree = "<group>"; };
		A451E474241D957000C73A46 /* DoKostolaError.swift */ = {isa = PBXFileReference; lastKnownFileType = sourcecode.swift; path = DoKostolaError.swift; sourceTree = "<group>"; };
		A451E476241D966500C73A46 /* DateFormatter+Types.swift */ = {isa = PBXFileReference; lastKnownFileType = sourcecode.swift; path = "DateFormatter+Types.swift"; sourceTree = "<group>"; };
		A451E47A241D9EDC00C73A46 /* ChurchDTOTests.swift */ = {isa = PBXFileReference; lastKnownFileType = sourcecode.swift; path = ChurchDTOTests.swift; sourceTree = "<group>"; };
		A451E47E241DA3AA00C73A46 /* CityDTOTests.swift */ = {isa = PBXFileReference; lastKnownFileType = sourcecode.swift; path = CityDTOTests.swift; sourceTree = "<group>"; };
		A451E480241DA44A00C73A46 /* MassDTOTests.swift */ = {isa = PBXFileReference; lastKnownFileType = sourcecode.swift; path = MassDTOTests.swift; sourceTree = "<group>"; };
		A451E483241DA5B000C73A46 /* FeastDTOTests.swift */ = {isa = PBXFileReference; lastKnownFileType = sourcecode.swift; path = FeastDTOTests.swift; sourceTree = "<group>"; };
		A451E485241E09CC00C73A46 /* Number+StringTests.swift */ = {isa = PBXFileReference; lastKnownFileType = sourcecode.swift; path = "Number+StringTests.swift"; sourceTree = "<group>"; };
		A451E487241E0BD100C73A46 /* DateFormatter+TypesTests.swift */ = {isa = PBXFileReference; lastKnownFileType = sourcecode.swift; path = "DateFormatter+TypesTests.swift"; sourceTree = "<group>"; };
		A451E489241E342500C73A46 /* CityTests.swift */ = {isa = PBXFileReference; lastKnownFileType = sourcecode.swift; path = CityTests.swift; sourceTree = "<group>"; };
		A451E48B241E352500C73A46 /* ChurchTests.swift */ = {isa = PBXFileReference; lastKnownFileType = sourcecode.swift; path = ChurchTests.swift; sourceTree = "<group>"; };
		A451E48D241E378800C73A46 /* FeastTests.swift */ = {isa = PBXFileReference; lastKnownFileType = sourcecode.swift; path = FeastTests.swift; sourceTree = "<group>"; };
		A4844AD42438D91100609BAB /* MassTests.swift */ = {isa = PBXFileReference; lastKnownFileType = sourcecode.swift; path = MassTests.swift; sourceTree = "<group>"; };
		A4844AD6243901BF00609BAB /* DetailView.swift */ = {isa = PBXFileReference; lastKnownFileType = sourcecode.swift; path = DetailView.swift; sourceTree = "<group>"; };
		A4844AD8243901CD00609BAB /* DetailState.swift */ = {isa = PBXFileReference; lastKnownFileType = sourcecode.swift; path = DetailState.swift; sourceTree = "<group>"; };
		A4844ADA243B361800609BAB /* Geocoder.swift */ = {isa = PBXFileReference; lastKnownFileType = sourcecode.swift; path = Geocoder.swift; sourceTree = "<group>"; };
		A4844ADD243B5B0A00609BAB /* MainButtonStyle.swift */ = {isa = PBXFileReference; lastKnownFileType = sourcecode.swift; path = MainButtonStyle.swift; sourceTree = "<group>"; };
		A4844ADF243BD36300609BAB /* HomeInterceptor.swift */ = {isa = PBXFileReference; lastKnownFileType = sourcecode.swift; path = HomeInterceptor.swift; sourceTree = "<group>"; };
		A4844AE1243BEFD900609BAB /* SearchInterceptor.swift */ = {isa = PBXFileReference; lastKnownFileType = sourcecode.swift; path = SearchInterceptor.swift; sourceTree = "<group>"; };
		A4844AE3243BEFF500609BAB /* SearchRow.swift */ = {isa = PBXFileReference; lastKnownFileType = sourcecode.swift; path = SearchRow.swift; sourceTree = "<group>"; };
		A4844AE5243C852C00609BAB /* AppEnvironment.swift */ = {isa = PBXFileReference; lastKnownFileType = sourcecode.swift; path = AppEnvironment.swift; sourceTree = "<group>"; };
		A4844AE7243C8DBD00609BAB /* LoadingInterceptor.swift */ = {isa = PBXFileReference; lastKnownFileType = sourcecode.swift; path = LoadingInterceptor.swift; sourceTree = "<group>"; };
		A4844AE9243CA12000609BAB /* InfoInterceptor.swift */ = {isa = PBXFileReference; lastKnownFileType = sourcecode.swift; path = InfoInterceptor.swift; sourceTree = "<group>"; };
		A4844AEB243CCA3900609BAB /* DetailInterceptor.swift */ = {isa = PBXFileReference; lastKnownFileType = sourcecode.swift; path = DetailInterceptor.swift; sourceTree = "<group>"; };
		A49308272404580500BB7FC5 /* DoKostolaAPIServiceProtocol.swift */ = {isa = PBXFileReference; lastKnownFileType = sourcecode.swift; path = DoKostolaAPIServiceProtocol.swift; sourceTree = "<group>"; };
		A49308292404664E00BB7FC5 /* APIService.swift */ = {isa = PBXFileReference; lastKnownFileType = sourcecode.swift; path = APIService.swift; sourceTree = "<group>"; };
		A493082C24046E8600BB7FC5 /* CityDTO.swift */ = {isa = PBXFileReference; lastKnownFileType = sourcecode.swift; path = CityDTO.swift; sourceTree = "<group>"; };
		A493082E24046EA100BB7FC5 /* Resource.swift */ = {isa = PBXFileReference; lastKnownFileType = sourcecode.swift; path = Resource.swift; sourceTree = "<group>"; };
		A493083024046EBA00BB7FC5 /* URLRequest+Resource.swift */ = {isa = PBXFileReference; lastKnownFileType = sourcecode.swift; path = "URLRequest+Resource.swift"; sourceTree = "<group>"; };
		A493083224046EC700BB7FC5 /* URLMethod.swift */ = {isa = PBXFileReference; lastKnownFileType = sourcecode.swift; path = URLMethod.swift; sourceTree = "<group>"; };
		A493083824046F8500BB7FC5 /* DoKostolaTests.xctest */ = {isa = PBXFileReference; explicitFileType = wrapper.cfbundle; includeInIndex = 0; path = DoKostolaTests.xctest; sourceTree = BUILT_PRODUCTS_DIR; };
		A493083C24046F8500BB7FC5 /* Info.plist */ = {isa = PBXFileReference; lastKnownFileType = text.plist.xml; path = Info.plist; sourceTree = "<group>"; };
		A49308422404704000BB7FC5 /* DoKostolaAPIServiceTests.swift */ = {isa = PBXFileReference; lastKnownFileType = sourcecode.swift; path = DoKostolaAPIServiceTests.swift; sourceTree = "<group>"; };
		A49308442404802D00BB7FC5 /* CitiesResponse.swift */ = {isa = PBXFileReference; lastKnownFileType = sourcecode.swift; path = CitiesResponse.swift; sourceTree = "<group>"; };
		A499B23D2416EB1400FCC188 /* MassasResponse.swift */ = {isa = PBXFileReference; lastKnownFileType = sourcecode.swift; path = MassasResponse.swift; sourceTree = "<group>"; };
		A499B23F2416EC4F00FCC188 /* MassDTO.swift */ = {isa = PBXFileReference; lastKnownFileType = sourcecode.swift; path = MassDTO.swift; sourceTree = "<group>"; };
		A499B2412416EE8500FCC188 /* ChurchMassesDTO.swift */ = {isa = PBXFileReference; lastKnownFileType = sourcecode.swift; path = ChurchMassesDTO.swift; sourceTree = "<group>"; };
		A499B2432416F05F00FCC188 /* FeastsResponse.swift */ = {isa = PBXFileReference; lastKnownFileType = sourcecode.swift; path = FeastsResponse.swift; sourceTree = "<group>"; };
		A499B2452416F09300FCC188 /* FeastDTO.swift */ = {isa = PBXFileReference; lastKnownFileType = sourcecode.swift; path = FeastDTO.swift; sourceTree = "<group>"; };
		A499B2472416F14000FCC188 /* DoKostolaAPIService.swift */ = {isa = PBXFileReference; lastKnownFileType = sourcecode.swift; path = DoKostolaAPIService.swift; sourceTree = "<group>"; };
		A499B2492416F17A00FCC188 /* Resource+DoKostola.swift */ = {isa = PBXFileReference; lastKnownFileType = sourcecode.swift; path = "Resource+DoKostola.swift"; sourceTree = "<group>"; };
		A499B24C2416F62400FCC188 /* Number+String.swift */ = {isa = PBXFileReference; lastKnownFileType = sourcecode.swift; path = "Number+String.swift"; sourceTree = "<group>"; };
		A4AD16662405C0EB00C480F3 /* HomeView.swift */ = {isa = PBXFileReference; lastKnownFileType = sourcecode.swift; path = HomeView.swift; sourceTree = "<group>"; };
		A4AD16682405C16A00C480F3 /* HomeState.swift */ = {isa = PBXFileReference; lastKnownFileType = sourcecode.swift; path = HomeState.swift; sourceTree = "<group>"; };
		A4AD166C2405CEC100C480F3 /* LocationManager.swift */ = {isa = PBXFileReference; lastKnownFileType = sourcecode.swift; path = LocationManager.swift; sourceTree = "<group>"; };
		A4AD166E2405D3ED00C480F3 /* MockCLLocationManager.swift */ = {isa = PBXFileReference; lastKnownFileType = sourcecode.swift; path = MockCLLocationManager.swift; sourceTree = "<group>"; };
		A4AD16702405D66A00C480F3 /* LocationTests.swift */ = {isa = PBXFileReference; lastKnownFileType = sourcecode.swift; path = LocationTests.swift; sourceTree = "<group>"; };
		A4CEFB9A243D0E050041496F /* SearchRowView.swift */ = {isa = PBXFileReference; lastKnownFileType = sourcecode.swift; path = SearchRowView.swift; sourceTree = "<group>"; };
		A4CEFBA4243E46250041496F /* AppStyle.swift */ = {isa = PBXFileReference; lastKnownFileType = sourcecode.swift; path = AppStyle.swift; sourceTree = "<group>"; };
		A4CEFBA9243E82A60041496F /* AppStyleKey.swift */ = {isa = PBXFileReference; lastKnownFileType = sourcecode.swift; path = AppStyleKey.swift; sourceTree = "<group>"; };
		A4CEFBAB243E87660041496F /* View+AppStyleProtocol.swift */ = {isa = PBXFileReference; lastKnownFileType = sourcecode.swift; path = "View+AppStyleProtocol.swift"; sourceTree = "<group>"; };
		A4CEFBAD243E87B80041496F /* Text+AppStyleProtocol.swift */ = {isa = PBXFileReference; lastKnownFileType = sourcecode.swift; path = "Text+AppStyleProtocol.swift"; sourceTree = "<group>"; };
		A4D7CE0B2437EB06007335CD /* Mass.swift */ = {isa = PBXFileReference; lastKnownFileType = sourcecode.swift; path = Mass.swift; sourceTree = "<group>"; };
		A4D7CE0D2437EB1C007335CD /* ChurchMasses.swift */ = {isa = PBXFileReference; lastKnownFileType = sourcecode.swift; path = ChurchMasses.swift; sourceTree = "<group>"; };
		A4D7F1B82404551E00F2C1DC /* DoKostola.app */ = {isa = PBXFileReference; explicitFileType = wrapper.application; includeInIndex = 0; path = DoKostola.app; sourceTree = BUILT_PRODUCTS_DIR; };
		A4D7F1BB2404551E00F2C1DC /* AppDelegate.swift */ = {isa = PBXFileReference; lastKnownFileType = sourcecode.swift; path = AppDelegate.swift; sourceTree = "<group>"; };
		A4D7F1BD2404551E00F2C1DC /* SceneDelegate.swift */ = {isa = PBXFileReference; lastKnownFileType = sourcecode.swift; path = SceneDelegate.swift; sourceTree = "<group>"; };
		A4D7F1C12404552400F2C1DC /* Assets.xcassets */ = {isa = PBXFileReference; lastKnownFileType = folder.assetcatalog; path = Assets.xcassets; sourceTree = "<group>"; };
		A4D7F1C42404552400F2C1DC /* Preview Assets.xcassets */ = {isa = PBXFileReference; lastKnownFileType = folder.assetcatalog; path = "Preview Assets.xcassets"; sourceTree = "<group>"; };
		A4D7F1C72404552400F2C1DC /* Base */ = {isa = PBXFileReference; lastKnownFileType = file.storyboard; name = Base; path = Base.lproj/LaunchScreen.storyboard; sourceTree = "<group>"; };
		A4D7F1C92404552400F2C1DC /* Info.plist */ = {isa = PBXFileReference; lastKnownFileType = text.plist.xml; path = Info.plist; sourceTree = "<group>"; };
		A4E3F3B4240D9A7F00678CCD /* ChurchesResponse.swift */ = {isa = PBXFileReference; lastKnownFileType = sourcecode.swift; path = ChurchesResponse.swift; sourceTree = "<group>"; };
		A4E3F3B6240D9B2F00678CCD /* ChurchDTO.swift */ = {isa = PBXFileReference; lastKnownFileType = sourcecode.swift; path = ChurchDTO.swift; sourceTree = "<group>"; };
		A4FBBC5F241824AF0073FE45 /* Repo.swift */ = {isa = PBXFileReference; lastKnownFileType = sourcecode.swift; path = Repo.swift; sourceTree = "<group>"; };
		A4FBBC64241846730073FE45 /* LoadingView.swift */ = {isa = PBXFileReference; lastKnownFileType = sourcecode.swift; path = LoadingView.swift; sourceTree = "<group>"; };
		A4FBBC66241846A50073FE45 /* LoadingState.swift */ = {isa = PBXFileReference; lastKnownFileType = sourcecode.swift; path = LoadingState.swift; sourceTree = "<group>"; };
/* End PBXFileReference section */

/* Begin PBXFrameworksBuildPhase section */
		A493083524046F8500BB7FC5 /* Frameworks */ = {
			isa = PBXFrameworksBuildPhase;
			buildActionMask = 2147483647;
			files = (
			);
			runOnlyForDeploymentPostprocessing = 0;
		};
		A4D7F1B52404551E00F2C1DC /* Frameworks */ = {
			isa = PBXFrameworksBuildPhase;
			buildActionMask = 2147483647;
			files = (
			);
			runOnlyForDeploymentPostprocessing = 0;
		};
/* End PBXFrameworksBuildPhase section */

/* Begin PBXGroup section */
		A425E168241AE320009DAA7E /* Views */ = {
			isa = PBXGroup;
			children = (
				A425E169241AE331009DAA7E /* ActivityIndicator.swift */,
				A4382FA3242CE96500A030B5 /* SearchTextField.swift */,
				A40677F5242E20A500FEC873 /* MapView.swift */,
			);
			path = Views;
			sourceTree = "<group>";
		};
		A42BCCCA2405B5CA00CDD414 /* Utilities */ = {
			isa = PBXGroup;
			children = (
				A42BCCC82405B5AB00CDD414 /* MockURLProtocol.swift */,
				A42BCCCB2405B5DE00CDD414 /* URLSessionConfiguration+Mock.swift */,
				A4AD166E2405D3ED00C480F3 /* MockCLLocationManager.swift */,
			);
			path = Utilities;
			sourceTree = "<group>";
		};
		A4382F99242BFDE900A030B5 /* Search */ = {
			isa = PBXGroup;
			children = (
				A4CEFB99243D0DEA0041496F /* Rows */,
				A4844AE1243BEFD900609BAB /* SearchInterceptor.swift */,
				A4844AE3243BEFF500609BAB /* SearchRow.swift */,
				A4382F9A242BFDFE00A030B5 /* SearchState.swift */,
				A4382F9C242BFE0A00A030B5 /* SearchView.swift */,
			);
			path = Search;
			sourceTree = "<group>";
		};
		A4382F9E242BFFCA00A030B5 /* Info */ = {
			isa = PBXGroup;
			children = (
				A4844AE9243CA12000609BAB /* InfoInterceptor.swift */,
				A4382FA1242BFFDD00A030B5 /* InfoState.swift */,
				A4382F9F242BFFD300A030B5 /* InfoView.swift */,
			);
			path = Info;
			sourceTree = "<group>";
		};
		A451E46B241D901C00C73A46 /* Models */ = {
			isa = PBXGroup;
			children = (
				A451E46C241D902700C73A46 /* City.swift */,
				A451E489241E342500C73A46 /* CityTests.swift */,
				A451E46E241D903000C73A46 /* Church.swift */,
				A451E48B241E352500C73A46 /* ChurchTests.swift */,
				A451E470241D903E00C73A46 /* Feast.swift */,
				A451E48D241E378800C73A46 /* FeastTests.swift */,
				A451E472241D917C00C73A46 /* Location.swift */,
				A451E474241D957000C73A46 /* DoKostolaError.swift */,
				A4D7CE0B2437EB06007335CD /* Mass.swift */,
				A4844AD42438D91100609BAB /* MassTests.swift */,
				A4D7CE0D2437EB1C007335CD /* ChurchMasses.swift */,
			);
			path = Models;
			sourceTree = "<group>";
		};
		A451E482241DA44E00C73A46 /* Respons */ = {
			isa = PBXGroup;
			children = (
				A4E3F3B4240D9A7F00678CCD /* ChurchesResponse.swift */,
				A49308442404802D00BB7FC5 /* CitiesResponse.swift */,
				A499B23D2416EB1400FCC188 /* MassasResponse.swift */,
				A499B2432416F05F00FCC188 /* FeastsResponse.swift */,
			);
			path = Respons;
			sourceTree = "<group>";
		};
		A4844AD32438D8CC00609BAB /* Detail */ = {
			isa = PBXGroup;
			children = (
				A4844AEB243CCA3900609BAB /* DetailInterceptor.swift */,
				A4844AD8243901CD00609BAB /* DetailState.swift */,
				A4844AD6243901BF00609BAB /* DetailView.swift */,
			);
			path = Detail;
			sourceTree = "<group>";
		};
		A4844ADC243B5AE500609BAB /* Style */ = {
			isa = PBXGroup;
			children = (
				A4844ADD243B5B0A00609BAB /* MainButtonStyle.swift */,
			);
			path = Style;
			sourceTree = "<group>";
		};
		A493082B24046E7D00BB7FC5 /* DTO */ = {
			isa = PBXGroup;
			children = (
				A4E3F3B6240D9B2F00678CCD /* ChurchDTO.swift */,
				A451E47A241D9EDC00C73A46 /* ChurchDTOTests.swift */,
				A493082C24046E8600BB7FC5 /* CityDTO.swift */,
				A451E47E241DA3AA00C73A46 /* CityDTOTests.swift */,
				A499B23F2416EC4F00FCC188 /* MassDTO.swift */,
				A451E480241DA44A00C73A46 /* MassDTOTests.swift */,
				A499B2412416EE8500FCC188 /* ChurchMassesDTO.swift */,
				A499B2452416F09300FCC188 /* FeastDTO.swift */,
				A451E483241DA5B000C73A46 /* FeastDTOTests.swift */,
			);
			path = DTO;
			sourceTree = "<group>";
		};
		A493083924046F8500BB7FC5 /* DoKostola-iOSTests */ = {
			isa = PBXGroup;
			children = (
				A42BCCCA2405B5CA00CDD414 /* Utilities */,
				A493083C24046F8500BB7FC5 /* Info.plist */,
			);
			path = "DoKostola-iOSTests";
			sourceTree = "<group>";
		};
		A499B24B2416F61800FCC188 /* Extensions */ = {
			isa = PBXGroup;
			children = (
				A499B24C2416F62400FCC188 /* Number+String.swift */,
				A451E485241E09CC00C73A46 /* Number+StringTests.swift */,
				A451E476241D966500C73A46 /* DateFormatter+Types.swift */,
				A451E487241E0BD100C73A46 /* DateFormatter+TypesTests.swift */,
			);
			path = Extensions;
			sourceTree = "<group>";
		};
		A4AD16642405C04100C480F3 /* Screens */ = {
			isa = PBXGroup;
			children = (
				A4844ADC243B5AE500609BAB /* Style */,
				A4844AD32438D8CC00609BAB /* Detail */,
				A4AD16652405C04F00C480F3 /* Home */,
				A4382F9E242BFFCA00A030B5 /* Info */,
				A4FBBC61241846510073FE45 /* Loading */,
				A4382F99242BFDE900A030B5 /* Search */,
				A425E168241AE320009DAA7E /* Views */,
			);
			path = Screens;
			sourceTree = "<group>";
		};
		A4AD16652405C04F00C480F3 /* Home */ = {
			isa = PBXGroup;
			children = (
				A4844ADF243BD36300609BAB /* HomeInterceptor.swift */,
				A4AD16682405C16A00C480F3 /* HomeState.swift */,
				A4AD16662405C0EB00C480F3 /* HomeView.swift */,
			);
			path = Home;
			sourceTree = "<group>";
		};
		A4AD166A2405CD0D00C480F3 /* API */ = {
			isa = PBXGroup;
			children = (
				A451E482241DA44E00C73A46 /* Respons */,
				A49308292404664E00BB7FC5 /* APIService.swift */,
				A499B2472416F14000FCC188 /* DoKostolaAPIService.swift */,
				A49308272404580500BB7FC5 /* DoKostolaAPIServiceProtocol.swift */,
				A49308422404704000BB7FC5 /* DoKostolaAPIServiceTests.swift */,
				A493082E24046EA100BB7FC5 /* Resource.swift */,
				A499B2492416F17A00FCC188 /* Resource+DoKostola.swift */,
				A493083224046EC700BB7FC5 /* URLMethod.swift */,
				A493083024046EBA00BB7FC5 /* URLRequest+Resource.swift */,
			);
			path = API;
			sourceTree = "<group>";
		};
		A4AD166B2405CD2900C480F3 /* LocationManager */ = {
			isa = PBXGroup;
			children = (
				A4AD166C2405CEC100C480F3 /* LocationManager.swift */,
				A4AD16702405D66A00C480F3 /* LocationTests.swift */,
			);
			path = LocationManager;
			sourceTree = "<group>";
		};
		A4CEFB99243D0DEA0041496F /* Rows */ = {
			isa = PBXGroup;
			children = (
				A4CEFB9A243D0E050041496F /* SearchRowView.swift */,
			);
			path = Rows;
			sourceTree = "<group>";
		};
		A4CEFBA0243E44A60041496F /* Environment */ = {
			isa = PBXGroup;
			children = (
				A4CEFBA8243E827F0041496F /* Style */,
			);
			path = Environment;
			sourceTree = "<group>";
		};
		A4CEFBA8243E827F0041496F /* Style */ = {
			isa = PBXGroup;
			children = (
				A4CEFBA9243E82A60041496F /* AppStyleKey.swift */,
				A4CEFBA4243E46250041496F /* AppStyle.swift */,
				A4CEFBAB243E87660041496F /* View+AppStyleProtocol.swift */,
				A4CEFBAD243E87B80041496F /* Text+AppStyleProtocol.swift */,
			);
			path = Style;
			sourceTree = "<group>";
		};
		A4D7F1AF2404551E00F2C1DC = {
			isa = PBXGroup;
			children = (
				A4D7F1BA2404551E00F2C1DC /* DoKostola-iOS */,
				A493083924046F8500BB7FC5 /* DoKostola-iOSTests */,
				A4D7F1B92404551E00F2C1DC /* Products */,
			);
			sourceTree = "<group>";
		};
		A4D7F1B92404551E00F2C1DC /* Products */ = {
			isa = PBXGroup;
			children = (
				A4D7F1B82404551E00F2C1DC /* DoKostola.app */,
				A493083824046F8500BB7FC5 /* DoKostolaTests.xctest */,
			);
			name = Products;
			sourceTree = "<group>";
		};
		A4D7F1BA2404551E00F2C1DC /* DoKostola-iOS */ = {
			isa = PBXGroup;
			children = (
				A451E46B241D901C00C73A46 /* Models */,
				A499B24B2416F61800FCC188 /* Extensions */,
				A4AD16642405C04100C480F3 /* Screens */,
				A493082B24046E7D00BB7FC5 /* DTO */,
				A4D7F1CF2404555E00F2C1DC /* Managers */,
				A4D7F1BB2404551E00F2C1DC /* AppDelegate.swift */,
				A4D7F1BD2404551E00F2C1DC /* SceneDelegate.swift */,
				A4844AE5243C852C00609BAB /* AppEnvironment.swift */,
				A4D7F1C12404552400F2C1DC /* Assets.xcassets */,
				A4D7F1C62404552400F2C1DC /* LaunchScreen.storyboard */,
				A4D7F1C92404552400F2C1DC /* Info.plist */,
				A4D7F1C32404552400F2C1DC /* Preview Content */,
			);
			path = "DoKostola-iOS";
			sourceTree = "<group>";
		};
		A4D7F1C32404552400F2C1DC /* Preview Content */ = {
			isa = PBXGroup;
			children = (
				A4D7F1C42404552400F2C1DC /* Preview Assets.xcassets */,
			);
			path = "Preview Content";
			sourceTree = "<group>";
		};
		A4D7F1CF2404555E00F2C1DC /* Managers */ = {
			isa = PBXGroup;
			children = (
				A4FBBC5E241824400073FE45 /* Repository */,
				A4AD166B2405CD2900C480F3 /* LocationManager */,
				A4AD166A2405CD0D00C480F3 /* API */,
				A4844ADA243B361800609BAB /* Geocoder.swift */,
			);
			path = Managers;
			sourceTree = "<group>";
		};
		A4FBBC5E241824400073FE45 /* Repository */ = {
			isa = PBXGroup;
			children = (
				A4FBBC5F241824AF0073FE45 /* Repo.swift */,
				A40677F7242E2B0B00FEC873 /* RepoTests.swift */,
			);
			path = Repository;
			sourceTree = "<group>";
		};
		A4FBBC61241846510073FE45 /* Loading */ = {
			isa = PBXGroup;
			children = (
				A4844AE7243C8DBD00609BAB /* LoadingInterceptor.swift */,
				A4FBBC66241846A50073FE45 /* LoadingState.swift */,
				A4FBBC64241846730073FE45 /* LoadingView.swift */,
			);
			path = Loading;
			sourceTree = "<group>";
		};
/* End PBXGroup section */

/* Begin PBXNativeTarget section */
		A493083724046F8500BB7FC5 /* DoKostolaTests */ = {
			isa = PBXNativeTarget;
			buildConfigurationList = A493083F24046F8500BB7FC5 /* Build configuration list for PBXNativeTarget "DoKostolaTests" */;
			buildPhases = (
				A493083424046F8500BB7FC5 /* Sources */,
				A493083524046F8500BB7FC5 /* Frameworks */,
				A493083624046F8500BB7FC5 /* Resources */,
			);
			buildRules = (
			);
			dependencies = (
				A493083E24046F8500BB7FC5 /* PBXTargetDependency */,
			);
			name = DoKostolaTests;
			productName = "DoKostola-iOSTests";
			productReference = A493083824046F8500BB7FC5 /* DoKostolaTests.xctest */;
			productType = "com.apple.product-type.bundle.unit-test";
		};
		A4D7F1B72404551E00F2C1DC /* DoKostola */ = {
			isa = PBXNativeTarget;
			buildConfigurationList = A4D7F1CC2404552400F2C1DC /* Build configuration list for PBXNativeTarget "DoKostola" */;
			buildPhases = (
				A4D7F1B42404551E00F2C1DC /* Sources */,
				A4D7F1B52404551E00F2C1DC /* Frameworks */,
				A4D7F1B62404551E00F2C1DC /* Resources */,
			);
			buildRules = (
			);
			dependencies = (
			);
			name = DoKostola;
			productName = "DoKostola-iOS";
			productReference = A4D7F1B82404551E00F2C1DC /* DoKostola.app */;
			productType = "com.apple.product-type.application";
		};
/* End PBXNativeTarget section */

/* Begin PBXProject section */
		A4D7F1B02404551E00F2C1DC /* Project object */ = {
			isa = PBXProject;
			attributes = {
				LastSwiftUpdateCheck = 1130;
				LastUpgradeCheck = 1130;
				ORGANIZATIONNAME = "Jan Timar";
				TargetAttributes = {
					A493083724046F8500BB7FC5 = {
						CreatedOnToolsVersion = 11.3.1;
						TestTargetID = A4D7F1B72404551E00F2C1DC;
					};
					A4D7F1B72404551E00F2C1DC = {
						CreatedOnToolsVersion = 11.3.1;
					};
				};
			};
			buildConfigurationList = A4D7F1B32404551E00F2C1DC /* Build configuration list for PBXProject "DoKostola" */;
			compatibilityVersion = "Xcode 9.3";
			developmentRegion = en;
			hasScannedForEncodings = 0;
			knownRegions = (
				en,
				Base,
			);
			mainGroup = A4D7F1AF2404551E00F2C1DC;
			productRefGroup = A4D7F1B92404551E00F2C1DC /* Products */;
			projectDirPath = "";
			projectRoot = "";
			targets = (
				A4D7F1B72404551E00F2C1DC /* DoKostola */,
				A493083724046F8500BB7FC5 /* DoKostolaTests */,
			);
		};
/* End PBXProject section */

/* Begin PBXResourcesBuildPhase section */
		A493083624046F8500BB7FC5 /* Resources */ = {
			isa = PBXResourcesBuildPhase;
			buildActionMask = 2147483647;
			files = (
			);
			runOnlyForDeploymentPostprocessing = 0;
		};
		A4D7F1B62404551E00F2C1DC /* Resources */ = {
			isa = PBXResourcesBuildPhase;
			buildActionMask = 2147483647;
			files = (
				A4D7F1C82404552400F2C1DC /* LaunchScreen.storyboard in Resources */,
				A4D7F1C52404552400F2C1DC /* Preview Assets.xcassets in Resources */,
				A4D7F1C22404552400F2C1DC /* Assets.xcassets in Resources */,
			);
			runOnlyForDeploymentPostprocessing = 0;
		};
/* End PBXResourcesBuildPhase section */

/* Begin PBXSourcesBuildPhase section */
		A493083424046F8500BB7FC5 /* Sources */ = {
			isa = PBXSourcesBuildPhase;
			buildActionMask = 2147483647;
			files = (
				A451E47C241DA08100C73A46 /* LocationTests.swift in Sources */,
				A4844AD52438D91100609BAB /* MassTests.swift in Sources */,
				A451E486241E09CC00C73A46 /* Number+StringTests.swift in Sources */,
				A42BCCC92405B5AB00CDD414 /* MockURLProtocol.swift in Sources */,
				A42BCCCC2405B5DE00CDD414 /* URLSessionConfiguration+Mock.swift in Sources */,
				A451E481241DA44A00C73A46 /* MassDTOTests.swift in Sources */,
				A451E48E241E378800C73A46 /* FeastTests.swift in Sources */,
				A451E484241DA5B000C73A46 /* FeastDTOTests.swift in Sources */,
				A40677F8242E2B0B00FEC873 /* RepoTests.swift in Sources */,
				A451E48C241E352500C73A46 /* ChurchTests.swift in Sources */,
				A451E488241E0BD100C73A46 /* DateFormatter+TypesTests.swift in Sources */,
				A451E47D241DA08D00C73A46 /* DoKostolaAPIServiceTests.swift in Sources */,
				A451E47B241D9EDC00C73A46 /* ChurchDTOTests.swift in Sources */,
				A451E47F241DA3AA00C73A46 /* CityDTOTests.swift in Sources */,
				A451E48A241E342500C73A46 /* CityTests.swift in Sources */,
				A4AD166F2405D3ED00C480F3 /* MockCLLocationManager.swift in Sources */,
			);
			runOnlyForDeploymentPostprocessing = 0;
		};
		A4D7F1B42404551E00F2C1DC /* Sources */ = {
			isa = PBXSourcesBuildPhase;
			buildActionMask = 2147483647;
			files = (
				A499B24D2416F62400FCC188 /* Number+String.swift in Sources */,
				A4844AD7243901BF00609BAB /* DetailView.swift in Sources */,
				A451E471241D903E00C73A46 /* Feast.swift in Sources */,
				A4382FA4242CE96500A030B5 /* SearchTextField.swift in Sources */,
				A499B2442416F05F00FCC188 /* FeastsResponse.swift in Sources */,
				A4CEFBA5243E46250041496F /* AppStyle.swift in Sources */,
				A4844AEC243CCA3900609BAB /* DetailInterceptor.swift in Sources */,
				A4844AE6243C852C00609BAB /* AppEnvironment.swift in Sources */,
				A4844ADB243B361800609BAB /* Geocoder.swift in Sources */,
				A40677F6242E20A500FEC873 /* MapView.swift in Sources */,
				A4844AD9243901CD00609BAB /* DetailState.swift in Sources */,
				A451E46F241D903000C73A46 /* Church.swift in Sources */,
				A4D7F1BC2404551E00F2C1DC /* AppDelegate.swift in Sources */,
				A4FBBC60241824AF0073FE45 /* Repo.swift in Sources */,
				A493082A2404664E00BB7FC5 /* APIService.swift in Sources */,
				A4D7CE0C2437EB06007335CD /* Mass.swift in Sources */,
				A4D7CE0E2437EB1C007335CD /* ChurchMasses.swift in Sources */,
				A493082D24046E8600BB7FC5 /* CityDTO.swift in Sources */,
				A451E46D241D902700C73A46 /* City.swift in Sources */,
				A451E475241D957000C73A46 /* DoKostolaError.swift in Sources */,
				A4CEFB9B243D0E050041496F /* SearchRowView.swift in Sources */,
				A4382F9D242BFE0A00A030B5 /* SearchView.swift in Sources */,
				A4CEFBAA243E82A60041496F /* AppStyleKey.swift in Sources */,
				A4CEFBAE243E87B80041496F /* Text+AppStyleProtocol.swift in Sources */,
				A4844AE0243BD36300609BAB /* HomeInterceptor.swift in Sources */,
				A499B24A2416F17A00FCC188 /* Resource+DoKostola.swift in Sources */,
				A493083124046EBA00BB7FC5 /* URLRequest+Resource.swift in Sources */,
				A493083324046EC700BB7FC5 /* URLMethod.swift in Sources */,
				A4E3F3B7240D9B2F00678CCD /* ChurchDTO.swift in Sources */,
				A4382F9B242BFDFE00A030B5 /* SearchState.swift in Sources */,
				A4382FA0242BFFD300A030B5 /* InfoView.swift in Sources */,
				A499B23E2416EB1400FCC188 /* MassasResponse.swift in Sources */,
				A4AD16672405C0EB00C480F3 /* HomeView.swift in Sources */,
				A4382FA2242BFFDD00A030B5 /* InfoState.swift in Sources */,
				A4D7F1BE2404551E00F2C1DC /* SceneDelegate.swift in Sources */,
				A499B2402416EC4F00FCC188 /* MassDTO.swift in Sources */,
				A499B2462416F09300FCC188 /* FeastDTO.swift in Sources */,
				A4FBBC67241846A50073FE45 /* LoadingState.swift in Sources */,
				A425E16A241AE331009DAA7E /* ActivityIndicator.swift in Sources */,
				A4E3F3B5240D9A7F00678CCD /* ChurchesResponse.swift in Sources */,
				A4AD16692405C16A00C480F3 /* HomeState.swift in Sources */,
				A499B2482416F14000FCC188 /* DoKostolaAPIService.swift in Sources */,
				A4844AE8243C8DBD00609BAB /* LoadingInterceptor.swift in Sources */,
				A4FBBC65241846730073FE45 /* LoadingView.swift in Sources */,
				A4844ADE243B5B0A00609BAB /* MainButtonStyle.swift in Sources */,
				A499B2422416EE8500FCC188 /* ChurchMassesDTO.swift in Sources */,
				A4844AEA243CA12000609BAB /* InfoInterceptor.swift in Sources */,
				A4844AE2243BEFD900609BAB /* SearchInterceptor.swift in Sources */,
				A4844AE4243BEFF500609BAB /* SearchRow.swift in Sources */,
				A451E477241D966500C73A46 /* DateFormatter+Types.swift in Sources */,
				A4CEFBAC243E87660041496F /* View+AppStyleProtocol.swift in Sources */,
				A49308282404580500BB7FC5 /* DoKostolaAPIServiceProtocol.swift in Sources */,
				A493082F24046EA100BB7FC5 /* Resource.swift in Sources */,
				A451E473241D917C00C73A46 /* Location.swift in Sources */,
				A49308452404802D00BB7FC5 /* CitiesResponse.swift in Sources */,
				A4AD166D2405CEC100C480F3 /* LocationManager.swift in Sources */,
			);
			runOnlyForDeploymentPostprocessing = 0;
		};
/* End PBXSourcesBuildPhase section */

/* Begin PBXTargetDependency section */
		A493083E24046F8500BB7FC5 /* PBXTargetDependency */ = {
			isa = PBXTargetDependency;
			target = A4D7F1B72404551E00F2C1DC /* DoKostola */;
			targetProxy = A493083D24046F8500BB7FC5 /* PBXContainerItemProxy */;
		};
/* End PBXTargetDependency section */

/* Begin PBXVariantGroup section */
		A4D7F1C62404552400F2C1DC /* LaunchScreen.storyboard */ = {
			isa = PBXVariantGroup;
			children = (
				A4D7F1C72404552400F2C1DC /* Base */,
			);
			name = LaunchScreen.storyboard;
			sourceTree = "<group>";
		};
/* End PBXVariantGroup section */

/* Begin XCBuildConfiguration section */
		A493084024046F8500BB7FC5 /* Debug */ = {
			isa = XCBuildConfiguration;
			buildSettings = {
				BUNDLE_LOADER = "$(TEST_HOST)";
				CODE_SIGN_STYLE = Automatic;
				DEVELOPMENT_TEAM = 9Q6922742Y;
				INFOPLIST_FILE = "DoKostola-iOSTests/Info.plist";
				LD_RUNPATH_SEARCH_PATHS = (
					"$(inherited)",
					"@executable_path/Frameworks",
					"@loader_path/Frameworks",
				);
				PRODUCT_BUNDLE_IDENTIFIER = "sk.jantimar.DoKostola-iOSTests";
				PRODUCT_NAME = "$(TARGET_NAME)";
				SWIFT_VERSION = 5.0;
				TARGETED_DEVICE_FAMILY = "1,2";
				TEST_HOST = "$(BUILT_PRODUCTS_DIR)/DoKostola.app/DoKostola";
			};
			name = Debug;
		};
		A493084124046F8500BB7FC5 /* Release */ = {
			isa = XCBuildConfiguration;
			buildSettings = {
				BUNDLE_LOADER = "$(TEST_HOST)";
				CODE_SIGN_STYLE = Automatic;
				DEVELOPMENT_TEAM = 9Q6922742Y;
				INFOPLIST_FILE = "DoKostola-iOSTests/Info.plist";
				LD_RUNPATH_SEARCH_PATHS = (
					"$(inherited)",
					"@executable_path/Frameworks",
					"@loader_path/Frameworks",
				);
				PRODUCT_BUNDLE_IDENTIFIER = "sk.jantimar.DoKostola-iOSTests";
				PRODUCT_NAME = "$(TARGET_NAME)";
				SWIFT_VERSION = 5.0;
				TARGETED_DEVICE_FAMILY = "1,2";
				TEST_HOST = "$(BUILT_PRODUCTS_DIR)/DoKostola.app/DoKostola";
			};
			name = Release;
		};
		A4D7F1CA2404552400F2C1DC /* Debug */ = {
			isa = XCBuildConfiguration;
			buildSettings = {
				ALWAYS_SEARCH_USER_PATHS = NO;
				CLANG_ANALYZER_NONNULL = YES;
				CLANG_ANALYZER_NUMBER_OBJECT_CONVERSION = YES_AGGRESSIVE;
				CLANG_CXX_LANGUAGE_STANDARD = "gnu++14";
				CLANG_CXX_LIBRARY = "libc++";
				CLANG_ENABLE_MODULES = YES;
				CLANG_ENABLE_OBJC_ARC = YES;
				CLANG_ENABLE_OBJC_WEAK = YES;
				CLANG_WARN_BLOCK_CAPTURE_AUTORELEASING = YES;
				CLANG_WARN_BOOL_CONVERSION = YES;
				CLANG_WARN_COMMA = YES;
				CLANG_WARN_CONSTANT_CONVERSION = YES;
				CLANG_WARN_DEPRECATED_OBJC_IMPLEMENTATIONS = YES;
				CLANG_WARN_DIRECT_OBJC_ISA_USAGE = YES_ERROR;
				CLANG_WARN_DOCUMENTATION_COMMENTS = YES;
				CLANG_WARN_EMPTY_BODY = YES;
				CLANG_WARN_ENUM_CONVERSION = YES;
				CLANG_WARN_INFINITE_RECURSION = YES;
				CLANG_WARN_INT_CONVERSION = YES;
				CLANG_WARN_NON_LITERAL_NULL_CONVERSION = YES;
				CLANG_WARN_OBJC_IMPLICIT_RETAIN_SELF = YES;
				CLANG_WARN_OBJC_LITERAL_CONVERSION = YES;
				CLANG_WARN_OBJC_ROOT_CLASS = YES_ERROR;
				CLANG_WARN_RANGE_LOOP_ANALYSIS = YES;
				CLANG_WARN_STRICT_PROTOTYPES = YES;
				CLANG_WARN_SUSPICIOUS_MOVE = YES;
				CLANG_WARN_UNGUARDED_AVAILABILITY = YES_AGGRESSIVE;
				CLANG_WARN_UNREACHABLE_CODE = YES;
				CLANG_WARN__DUPLICATE_METHOD_MATCH = YES;
				COPY_PHASE_STRIP = NO;
				DEBUG_INFORMATION_FORMAT = dwarf;
				ENABLE_STRICT_OBJC_MSGSEND = YES;
				ENABLE_TESTABILITY = YES;
				GCC_C_LANGUAGE_STANDARD = gnu11;
				GCC_DYNAMIC_NO_PIC = NO;
				GCC_NO_COMMON_BLOCKS = YES;
				GCC_OPTIMIZATION_LEVEL = 0;
				GCC_PREPROCESSOR_DEFINITIONS = (
					"DEBUG=1",
					"$(inherited)",
				);
				GCC_WARN_64_TO_32_BIT_CONVERSION = YES;
				GCC_WARN_ABOUT_RETURN_TYPE = YES_ERROR;
				GCC_WARN_UNDECLARED_SELECTOR = YES;
				GCC_WARN_UNINITIALIZED_AUTOS = YES_AGGRESSIVE;
				GCC_WARN_UNUSED_FUNCTION = YES;
				GCC_WARN_UNUSED_VARIABLE = YES;
				IPHONEOS_DEPLOYMENT_TARGET = 13.2;
				MTL_ENABLE_DEBUG_INFO = INCLUDE_SOURCE;
				MTL_FAST_MATH = YES;
				ONLY_ACTIVE_ARCH = YES;
				SDKROOT = iphoneos;
				SWIFT_ACTIVE_COMPILATION_CONDITIONS = DEBUG;
				SWIFT_OPTIMIZATION_LEVEL = "-Onone";
			};
			name = Debug;
		};
		A4D7F1CB2404552400F2C1DC /* Release */ = {
			isa = XCBuildConfiguration;
			buildSettings = {
				ALWAYS_SEARCH_USER_PATHS = NO;
				CLANG_ANALYZER_NONNULL = YES;
				CLANG_ANALYZER_NUMBER_OBJECT_CONVERSION = YES_AGGRESSIVE;
				CLANG_CXX_LANGUAGE_STANDARD = "gnu++14";
				CLANG_CXX_LIBRARY = "libc++";
				CLANG_ENABLE_MODULES = YES;
				CLANG_ENABLE_OBJC_ARC = YES;
				CLANG_ENABLE_OBJC_WEAK = YES;
				CLANG_WARN_BLOCK_CAPTURE_AUTORELEASING = YES;
				CLANG_WARN_BOOL_CONVERSION = YES;
				CLANG_WARN_COMMA = YES;
				CLANG_WARN_CONSTANT_CONVERSION = YES;
				CLANG_WARN_DEPRECATED_OBJC_IMPLEMENTATIONS = YES;
				CLANG_WARN_DIRECT_OBJC_ISA_USAGE = YES_ERROR;
				CLANG_WARN_DOCUMENTATION_COMMENTS = YES;
				CLANG_WARN_EMPTY_BODY = YES;
				CLANG_WARN_ENUM_CONVERSION = YES;
				CLANG_WARN_INFINITE_RECURSION = YES;
				CLANG_WARN_INT_CONVERSION = YES;
				CLANG_WARN_NON_LITERAL_NULL_CONVERSION = YES;
				CLANG_WARN_OBJC_IMPLICIT_RETAIN_SELF = YES;
				CLANG_WARN_OBJC_LITERAL_CONVERSION = YES;
				CLANG_WARN_OBJC_ROOT_CLASS = YES_ERROR;
				CLANG_WARN_RANGE_LOOP_ANALYSIS = YES;
				CLANG_WARN_STRICT_PROTOTYPES = YES;
				CLANG_WARN_SUSPICIOUS_MOVE = YES;
				CLANG_WARN_UNGUARDED_AVAILABILITY = YES_AGGRESSIVE;
				CLANG_WARN_UNREACHABLE_CODE = YES;
				CLANG_WARN__DUPLICATE_METHOD_MATCH = YES;
				COPY_PHASE_STRIP = NO;
				DEBUG_INFORMATION_FORMAT = "dwarf-with-dsym";
				ENABLE_NS_ASSERTIONS = NO;
				ENABLE_STRICT_OBJC_MSGSEND = YES;
				GCC_C_LANGUAGE_STANDARD = gnu11;
				GCC_NO_COMMON_BLOCKS = YES;
				GCC_WARN_64_TO_32_BIT_CONVERSION = YES;
				GCC_WARN_ABOUT_RETURN_TYPE = YES_ERROR;
				GCC_WARN_UNDECLARED_SELECTOR = YES;
				GCC_WARN_UNINITIALIZED_AUTOS = YES_AGGRESSIVE;
				GCC_WARN_UNUSED_FUNCTION = YES;
				GCC_WARN_UNUSED_VARIABLE = YES;
				IPHONEOS_DEPLOYMENT_TARGET = 13.2;
				MTL_ENABLE_DEBUG_INFO = NO;
				MTL_FAST_MATH = YES;
				SDKROOT = iphoneos;
				SWIFT_COMPILATION_MODE = wholemodule;
				SWIFT_OPTIMIZATION_LEVEL = "-O";
				VALIDATE_PRODUCT = YES;
			};
			name = Release;
		};
		A4D7F1CD2404552400F2C1DC /* Debug */ = {
			isa = XCBuildConfiguration;
			buildSettings = {
				ASSETCATALOG_COMPILER_APPICON_NAME = AppIcon;
				CODE_SIGN_STYLE = Automatic;
				DEVELOPMENT_ASSET_PATHS = "\"DoKostola-iOS/Preview Content\"";
				DEVELOPMENT_TEAM = 9Q6922742Y;
				ENABLE_PREVIEWS = YES;
				INFOPLIST_FILE = "DoKostola-iOS/Info.plist";
				LD_RUNPATH_SEARCH_PATHS = (
					"$(inherited)",
					"@executable_path/Frameworks",
				);
				PRODUCT_BUNDLE_IDENTIFIER = sk.jantimar.DoKostola;
				PRODUCT_NAME = DoKostola;
				SWIFT_VERSION = 5.0;
				TARGETED_DEVICE_FAMILY = "1,2";
			};
			name = Debug;
		};
		A4D7F1CE2404552400F2C1DC /* Release */ = {
			isa = XCBuildConfiguration;
			buildSettings = {
				ASSETCATALOG_COMPILER_APPICON_NAME = AppIcon;
				CODE_SIGN_STYLE = Automatic;
				DEVELOPMENT_ASSET_PATHS = "\"DoKostola-iOS/Preview Content\"";
				DEVELOPMENT_TEAM = 9Q6922742Y;
				ENABLE_PREVIEWS = YES;
				INFOPLIST_FILE = "DoKostola-iOS/Info.plist";
				LD_RUNPATH_SEARCH_PATHS = (
					"$(inherited)",
					"@executable_path/Frameworks",
				);
				PRODUCT_BUNDLE_IDENTIFIER = sk.jantimar.DoKostola;
				PRODUCT_NAME = DoKostola;
				SWIFT_VERSION = 5.0;
				TARGETED_DEVICE_FAMILY = "1,2";
			};
			name = Release;
		};
/* End XCBuildConfiguration section */

/* Begin XCConfigurationList section */
		A493083F24046F8500BB7FC5 /* Build configuration list for PBXNativeTarget "DoKostolaTests" */ = {
			isa = XCConfigurationList;
			buildConfigurations = (
				A493084024046F8500BB7FC5 /* Debug */,
				A493084124046F8500BB7FC5 /* Release */,
			);
			defaultConfigurationIsVisible = 0;
			defaultConfigurationName = Release;
		};
		A4D7F1B32404551E00F2C1DC /* Build configuration list for PBXProject "DoKostola" */ = {
			isa = XCConfigurationList;
			buildConfigurations = (
				A4D7F1CA2404552400F2C1DC /* Debug */,
				A4D7F1CB2404552400F2C1DC /* Release */,
			);
			defaultConfigurationIsVisible = 0;
			defaultConfigurationName = Release;
		};
		A4D7F1CC2404552400F2C1DC /* Build configuration list for PBXNativeTarget "DoKostola" */ = {
			isa = XCConfigurationList;
			buildConfigurations = (
				A4D7F1CD2404552400F2C1DC /* Debug */,
				A4D7F1CE2404552400F2C1DC /* Release */,
			);
			defaultConfigurationIsVisible = 0;
			defaultConfigurationName = Release;
		};
/* End XCConfigurationList section */
	};
	rootObject = A4D7F1B02404551E00F2C1DC /* Project object */;
}
